<?xml version="1.0" encoding="utf-8"?>
<Project ToolsVersion="12.0" xmlns="http://schemas.microsoft.com/developer/msbuild/2003">
  <ItemGroup>
    <ClCompile Include="..\..\src\server\game\Accounts\AccountMgr.cpp">
      <Filter>Accounts</Filter>
    </ClCompile>
    <ClCompile Include="..\..\src\server\game\Accounts\RBAC.cpp">
      <Filter>Accounts</Filter>
    </ClCompile>
    <ClCompile Include="..\..\src\server\game\Achievements\AchievementMgr.cpp">
      <Filter>Achievements</Filter>
    </ClCompile>
    <ClCompile Include="..\..\src\server\game\Addons\AddonMgr.cpp">
      <Filter>Addons</Filter>
    </ClCompile>
    <ClCompile Include="..\..\src\server\game\AI\CoreAI\CombatAI.cpp">
      <Filter>AI</Filter>
    </ClCompile>
    <ClCompile Include="..\..\src\server\game\AI\CoreAI\GameObjectAI.cpp">
      <Filter>AI</Filter>
    </ClCompile>
    <ClCompile Include="..\..\src\server\game\AI\CoreAI\GuardAI.cpp">
      <Filter>AI</Filter>
    </ClCompile>
    <ClCompile Include="..\..\src\server\game\AI\CoreAI\PassiveAI.cpp">
      <Filter>AI</Filter>
    </ClCompile>
    <ClCompile Include="..\..\src\server\game\AI\CoreAI\PetAI.cpp">
      <Filter>AI</Filter>
    </ClCompile>
    <ClCompile Include="..\..\src\server\game\AI\CoreAI\ReactorAI.cpp">
      <Filter>AI</Filter>
    </ClCompile>
    <ClCompile Include="..\..\src\server\game\AI\CoreAI\TotemAI.cpp">
      <Filter>AI</Filter>
    </ClCompile>
    <ClCompile Include="..\..\src\server\game\AI\CoreAI\UnitAI.cpp">
      <Filter>AI</Filter>
    </ClCompile>
    <ClCompile Include="..\..\src\server\game\AI\CreatureAI.cpp">
      <Filter>AI</Filter>
    </ClCompile>
    <ClCompile Include="..\..\src\server\game\AI\CreatureAIRegistry.cpp">
      <Filter>AI</Filter>
    </ClCompile>
    <ClCompile Include="..\..\src\server\game\AI\CreatureAISelector.cpp">
      <Filter>AI</Filter>
    </ClCompile>
    <ClCompile Include="..\..\src\server\game\AI\ScriptedAI\ScriptedCreature.cpp">
      <Filter>AI</Filter>
    </ClCompile>
    <ClCompile Include="..\..\src\server\game\AI\ScriptedAI\ScriptedEscortAI.cpp">
      <Filter>AI</Filter>
    </ClCompile>
    <ClCompile Include="..\..\src\server\game\AI\ScriptedAI\ScriptedFollowerAI.cpp">
      <Filter>AI</Filter>
    </ClCompile>
    <ClCompile Include="..\..\src\server\game\AI\SmartScripts\SmartAI.cpp">
      <Filter>AI</Filter>
    </ClCompile>
    <ClCompile Include="..\..\src\server\game\AI\SmartScripts\SmartScript.cpp">
      <Filter>AI</Filter>
    </ClCompile>
    <ClCompile Include="..\..\src\server\game\AI\SmartScripts\SmartScriptMgr.cpp">
      <Filter>AI</Filter>
    </ClCompile>
    <ClCompile Include="..\..\src\server\game\AuctionHouse\AuctionHouseMgr.cpp">
      <Filter>AuctionHouse</Filter>
    </ClCompile>
    <ClCompile Include="..\..\src\server\game\Battlefield\Battlefield.cpp">
      <Filter>Battlefield</Filter>
    </ClCompile>
    <ClCompile Include="..\..\src\server\game\Battlefield\BattlefieldMgr.cpp">
      <Filter>Battlefield</Filter>
    </ClCompile>
    <ClCompile Include="..\..\src\server\game\Battlefield\Zones\BattlefieldWG.cpp">
      <Filter>Battlefield</Filter>
    </ClCompile>
    <ClCompile Include="..\..\src\server\game\Battlegrounds\ArenaTeam.cpp">
      <Filter>Battlegrounds</Filter>
    </ClCompile>
    <ClCompile Include="..\..\src\server\game\Battlegrounds\ArenaTeamMgr.cpp">
      <Filter>Battlegrounds</Filter>
    </ClCompile>
    <ClCompile Include="..\..\src\server\game\Battlegrounds\Battleground.cpp">
      <Filter>Battlegrounds</Filter>
    </ClCompile>
    <ClCompile Include="..\..\src\server\game\Battlegrounds\BattlegroundMgr.cpp">
      <Filter>Battlegrounds</Filter>
    </ClCompile>
    <ClCompile Include="..\..\src\server\game\Battlegrounds\BattlegroundQueue.cpp">
      <Filter>Battlegrounds</Filter>
    </ClCompile>
    <ClCompile Include="..\..\src\server\game\Battlegrounds\Zones\BattlegroundAB.cpp">
      <Filter>Battlegrounds</Filter>
    </ClCompile>
    <ClCompile Include="..\..\src\server\game\Battlegrounds\Zones\BattlegroundAV.cpp">
      <Filter>Battlegrounds</Filter>
    </ClCompile>
    <ClCompile Include="..\..\src\server\game\Battlegrounds\Zones\BattlegroundBE.cpp">
      <Filter>Battlegrounds</Filter>
    </ClCompile>
    <ClCompile Include="..\..\src\server\game\Battlegrounds\Zones\BattlegroundBFG.cpp">
      <Filter>Battlegrounds</Filter>
    </ClCompile>
    <ClCompile Include="..\..\src\server\game\Battlegrounds\Zones\BattlegroundDS.cpp">
      <Filter>Battlegrounds</Filter>
    </ClCompile>
    <ClCompile Include="..\..\src\server\game\Battlegrounds\Zones\BattlegroundEY.cpp">
      <Filter>Battlegrounds</Filter>
    </ClCompile>
    <ClCompile Include="..\..\src\server\game\Battlegrounds\Zones\BattlegroundIC.cpp">
      <Filter>Battlegrounds</Filter>
    </ClCompile>
    <ClCompile Include="..\..\src\server\game\Battlegrounds\Zones\BattlegroundNA.cpp">
      <Filter>Battlegrounds</Filter>
    </ClCompile>
    <ClCompile Include="..\..\src\server\game\Battlegrounds\Zones\BattlegroundRL.cpp">
      <Filter>Battlegrounds</Filter>
    </ClCompile>
    <ClCompile Include="..\..\src\server\game\Battlegrounds\Zones\BattlegroundRV.cpp">
      <Filter>Battlegrounds</Filter>
    </ClCompile>
    <ClCompile Include="..\..\src\server\game\Battlegrounds\Zones\BattlegroundSA.cpp">
      <Filter>Battlegrounds</Filter>
    </ClCompile>
    <ClCompile Include="..\..\src\server\game\Battlegrounds\Zones\BattlegroundTP.cpp">
      <Filter>Battlegrounds</Filter>
    </ClCompile>
    <ClCompile Include="..\..\src\server\game\Battlegrounds\Zones\BattlegroundWS.cpp">
      <Filter>Battlegrounds</Filter>
    </ClCompile>
    <ClCompile Include="..\..\src\server\game\Calendar\CalendarMgr.cpp">
      <Filter>Calendar</Filter>
    </ClCompile>
    <ClCompile Include="..\..\src\server\game\Chat\Channels\Channel.cpp">
      <Filter>Chat</Filter>
    </ClCompile>
    <ClCompile Include="..\..\src\server\game\Chat\Channels\ChannelMgr.cpp">
      <Filter>Chat</Filter>
    </ClCompile>
    <ClCompile Include="..\..\src\server\game\Chat\Chat.cpp">
      <Filter>Chat</Filter>
    </ClCompile>
    <ClCompile Include="..\..\src\server\game\Chat\ChatLink.cpp">
      <Filter>Chat</Filter>
    </ClCompile>
    <ClCompile Include="..\..\src\server\game\Combat\HostileRefManager.cpp">
      <Filter>Combat</Filter>
    </ClCompile>
    <ClCompile Include="..\..\src\server\game\Combat\ThreatManager.cpp">
      <Filter>Combat</Filter>
    </ClCompile>
    <ClCompile Include="..\..\src\server\game\Conditions\ConditionMgr.cpp">
      <Filter>Conditions</Filter>
    </ClCompile>
    <ClCompile Include="..\..\src\server\game\Conditions\DisableMgr.cpp">
      <Filter>Conditions</Filter>
    </ClCompile>
    <ClCompile Include="..\..\src\server\game\DataStores\DB2Stores.cpp">
      <Filter>DataStores</Filter>
    </ClCompile>
    <ClCompile Include="..\..\src\server\game\DataStores\DB2Utility.cpp">
      <Filter>DataStores</Filter>
    </ClCompile>
    <ClCompile Include="..\..\src\server\game\DataStores\DBCStores.cpp">
      <Filter>DataStores</Filter>
    </ClCompile>
    <ClCompile Include="..\..\src\server\game\DungeonFinding\LFG.cpp">
      <Filter>DungeonFinding</Filter>
    </ClCompile>
    <ClCompile Include="..\..\src\server\game\DungeonFinding\LFGGroupData.cpp">
      <Filter>DungeonFinding</Filter>
    </ClCompile>
    <ClCompile Include="..\..\src\server\game\DungeonFinding\LFGMgr.cpp">
      <Filter>DungeonFinding</Filter>
    </ClCompile>
    <ClCompile Include="..\..\src\server\game\DungeonFinding\LFGPlayerData.cpp">
      <Filter>DungeonFinding</Filter>
    </ClCompile>
    <ClCompile Include="..\..\src\server\game\DungeonFinding\LFGQueue.cpp">
      <Filter>DungeonFinding</Filter>
    </ClCompile>
    <ClCompile Include="..\..\src\server\game\DungeonFinding\LFGScripts.cpp">
      <Filter>DungeonFinding</Filter>
    </ClCompile>
    <ClCompile Include="..\..\src\server\game\Entities\AreaTrigger\AreaTrigger.cpp">
      <Filter>Entities</Filter>
    </ClCompile>
    <ClCompile Include="..\..\src\server\game\Entities\Corpse\Corpse.cpp">
      <Filter>Entities</Filter>
    </ClCompile>
    <ClCompile Include="..\..\src\server\game\Entities\Creature\Creature.cpp">
      <Filter>Entities</Filter>
    </ClCompile>
    <ClCompile Include="..\..\src\server\game\Entities\Creature\CreatureGroups.cpp">
      <Filter>Entities</Filter>
    </ClCompile>
    <ClCompile Include="..\..\src\server\game\Entities\Creature\GossipDef.cpp">
      <Filter>Entities</Filter>
    </ClCompile>
    <ClCompile Include="..\..\src\server\game\Entities\Creature\TemporarySummon.cpp">
      <Filter>Entities</Filter>
    </ClCompile>
    <ClCompile Include="..\..\src\server\game\Entities\DynamicObject\DynamicObject.cpp">
      <Filter>Entities</Filter>
    </ClCompile>
    <ClCompile Include="..\..\src\server\game\Entities\GameObject\GameObject.cpp">
      <Filter>Entities</Filter>
    </ClCompile>
    <ClCompile Include="..\..\src\server\game\Entities\Item\Container\Bag.cpp">
      <Filter>Entities</Filter>
    </ClCompile>
    <ClCompile Include="..\..\src\server\game\Entities\Item\Item.cpp">
      <Filter>Entities</Filter>
    </ClCompile>
    <ClCompile Include="..\..\src\server\game\Entities\Item\ItemEnchantmentMgr.cpp">
      <Filter>Entities</Filter>
    </ClCompile>
    <ClCompile Include="..\..\src\server\game\Entities\Object\Object.cpp">
      <Filter>Entities</Filter>
    </ClCompile>
    <ClCompile Include="..\..\src\server\game\Entities\Object\ObjectPosSelector.cpp">
      <Filter>Entities</Filter>
    </ClCompile>
    <ClCompile Include="..\..\src\server\game\Entities\Object\Updates\UpdateData.cpp">
      <Filter>Entities</Filter>
    </ClCompile>
    <ClCompile Include="..\..\src\server\game\Entities\Object\Updates\UpdateFieldFlags.cpp">
      <Filter>Entities</Filter>
    </ClCompile>
    <ClCompile Include="..\..\src\server\game\Entities\Pet\Pet.cpp">
      <Filter>Entities</Filter>
    </ClCompile>
    <ClCompile Include="..\..\src\server\game\Entities\Player\Player.cpp">
      <Filter>Entities</Filter>
    </ClCompile>
    <ClCompile Include="..\..\src\server\game\Entities\Player\SocialMgr.cpp">
      <Filter>Entities</Filter>
    </ClCompile>
    <ClCompile Include="..\..\src\server\game\Entities\Totem\Totem.cpp">
      <Filter>Entities</Filter>
    </ClCompile>
    <ClCompile Include="..\..\src\server\game\Entities\Transport\Transport.cpp">
      <Filter>Entities</Filter>
    </ClCompile>
    <ClCompile Include="..\..\src\server\game\Entities\Unit\StatSystem.cpp">
      <Filter>Entities</Filter>
    </ClCompile>
    <ClCompile Include="..\..\src\server\game\Entities\Unit\Unit.cpp">
      <Filter>Entities</Filter>
    </ClCompile>
    <ClCompile Include="..\..\src\server\game\Entities\Vehicle\Vehicle.cpp">
      <Filter>Entities</Filter>
    </ClCompile>
    <ClCompile Include="..\..\src\server\game\Events\GameEventMgr.cpp">
      <Filter>Events</Filter>
    </ClCompile>
    <ClCompile Include="..\..\src\server\game\Globals\ObjectAccessor.cpp">
      <Filter>Globals</Filter>
    </ClCompile>
    <ClCompile Include="..\..\src\server\game\Globals\ObjectMgr.cpp">
      <Filter>Globals</Filter>
    </ClCompile>
    <ClCompile Include="..\..\src\server\game\Grids\GridStates.cpp">
      <Filter>Grids</Filter>
    </ClCompile>
    <ClCompile Include="..\..\src\server\game\Grids\Notifiers\GridNotifiers.cpp">
      <Filter>Grids</Filter>
    </ClCompile>
    <ClCompile Include="..\..\src\server\game\Grids\ObjectGridLoader.cpp">
      <Filter>Grids</Filter>
    </ClCompile>
    <ClCompile Include="..\..\src\server\game\Groups\Group.cpp">
      <Filter>Groups</Filter>
    </ClCompile>
    <ClCompile Include="..\..\src\server\game\Groups\GroupMgr.cpp">
      <Filter>Groups</Filter>
    </ClCompile>
    <ClCompile Include="..\..\src\server\game\Groups\GroupReference.cpp">
      <Filter>Groups</Filter>
    </ClCompile>
    <ClCompile Include="..\..\src\server\game\Guilds\Guild.cpp">
      <Filter>Guilds</Filter>
    </ClCompile>
    <ClCompile Include="..\..\src\server\game\Guilds\GuildFinderMgr.cpp">
      <Filter>Guilds</Filter>
    </ClCompile>
    <ClCompile Include="..\..\src\server\game\Guilds\GuildMgr.cpp">
      <Filter>Guilds</Filter>
    </ClCompile>
    <ClCompile Include="..\..\src\server\game\Handlers\AddonHandler.cpp">
      <Filter>Handlers</Filter>
    </ClCompile>
    <ClCompile Include="..\..\src\server\game\Handlers\ArenaTeamHandler.cpp">
      <Filter>Handlers</Filter>
    </ClCompile>
    <ClCompile Include="..\..\src\server\game\Handlers\AuctionHouseHandler.cpp">
      <Filter>Handlers</Filter>
    </ClCompile>
    <ClCompile Include="..\..\src\server\game\Handlers\AuthHandler.cpp">
      <Filter>Handlers</Filter>
    </ClCompile>
    <ClCompile Include="..\..\src\server\game\Handlers\BattlefieldHandler.cpp">
      <Filter>Handlers</Filter>
    </ClCompile>
    <ClCompile Include="..\..\src\server\game\Handlers\BattleGroundHandler.cpp">
      <Filter>Handlers</Filter>
    </ClCompile>
    <ClCompile Include="..\..\src\server\game\Handlers\CalendarHandler.cpp">
      <Filter>Handlers</Filter>
    </ClCompile>
    <ClCompile Include="..\..\src\server\game\Handlers\ChannelHandler.cpp">
      <Filter>Handlers</Filter>
    </ClCompile>
    <ClCompile Include="..\..\src\server\game\Handlers\CharacterHandler.cpp">
      <Filter>Handlers</Filter>
    </ClCompile>
    <ClCompile Include="..\..\src\server\game\Handlers\ChatHandler.cpp">
      <Filter>Handlers</Filter>
    </ClCompile>
    <ClCompile Include="..\..\src\server\game\Handlers\CombatHandler.cpp">
      <Filter>Handlers</Filter>
    </ClCompile>
    <ClCompile Include="..\..\src\server\game\Handlers\DuelHandler.cpp">
      <Filter>Handlers</Filter>
    </ClCompile>
    <ClCompile Include="..\..\src\server\game\Handlers\GroupHandler.cpp">
      <Filter>Handlers</Filter>
    </ClCompile>
    <ClCompile Include="..\..\src\server\game\Handlers\GuildFinderHandler.cpp">
      <Filter>Handlers</Filter>
    </ClCompile>
    <ClCompile Include="..\..\src\server\game\Handlers\GuildHandler.cpp">
      <Filter>Handlers</Filter>
    </ClCompile>
    <ClCompile Include="..\..\src\server\game\Handlers\ItemHandler.cpp">
      <Filter>Handlers</Filter>
    </ClCompile>
    <ClCompile Include="..\..\src\server\game\Handlers\LFGHandler.cpp">
      <Filter>Handlers</Filter>
    </ClCompile>
    <ClCompile Include="..\..\src\server\game\Handlers\LootHandler.cpp">
      <Filter>Handlers</Filter>
    </ClCompile>
    <ClCompile Include="..\..\src\server\game\Handlers\MailHandler.cpp">
      <Filter>Handlers</Filter>
    </ClCompile>
    <ClCompile Include="..\..\src\server\game\Handlers\MiscHandler.cpp">
      <Filter>Handlers</Filter>
    </ClCompile>
    <ClCompile Include="..\..\src\server\game\Handlers\MovementHandler.cpp">
      <Filter>Handlers</Filter>
    </ClCompile>
    <ClCompile Include="..\..\src\server\game\Handlers\NPCHandler.cpp">
      <Filter>Handlers</Filter>
    </ClCompile>
    <ClCompile Include="..\..\src\server\game\Handlers\PetHandler.cpp">
      <Filter>Handlers</Filter>
    </ClCompile>
    <ClCompile Include="..\..\src\server\game\Handlers\PetitionsHandler.cpp">
      <Filter>Handlers</Filter>
    </ClCompile>
    <ClCompile Include="..\..\src\server\game\Handlers\QueryHandler.cpp">
      <Filter>Handlers</Filter>
    </ClCompile>
    <ClCompile Include="..\..\src\server\game\Handlers\QuestHandler.cpp">
      <Filter>Handlers</Filter>
    </ClCompile>
    <ClCompile Include="..\..\src\server\game\Handlers\ReferAFriendHandler.cpp">
      <Filter>Handlers</Filter>
    </ClCompile>
    <ClCompile Include="..\..\src\server\game\Handlers\SkillHandler.cpp">
      <Filter>Handlers</Filter>
    </ClCompile>
    <ClCompile Include="..\..\src\server\game\Handlers\SpellHandler.cpp">
      <Filter>Handlers</Filter>
    </ClCompile>
    <ClCompile Include="..\..\src\server\game\Handlers\TaxiHandler.cpp">
      <Filter>Handlers</Filter>
    </ClCompile>
    <ClCompile Include="..\..\src\server\game\Handlers\TicketHandler.cpp">
      <Filter>Handlers</Filter>
    </ClCompile>
    <ClCompile Include="..\..\src\server\game\Handlers\TradeHandler.cpp">
      <Filter>Handlers</Filter>
    </ClCompile>
    <ClCompile Include="..\..\src\server\game\Handlers\VehicleHandler.cpp">
      <Filter>Handlers</Filter>
    </ClCompile>
    <ClCompile Include="..\..\src\server\game\Handlers\VoiceChatHandler.cpp">
      <Filter>Handlers</Filter>
    </ClCompile>
    <ClCompile Include="..\..\src\server\game\Handlers\VoidStorageHandler.cpp">
      <Filter>Handlers</Filter>
    </ClCompile>
    <ClCompile Include="..\..\src\server\game\Instances\InstanceSaveMgr.cpp">
      <Filter>Instances</Filter>
    </ClCompile>
    <ClCompile Include="..\..\src\server\game\Instances\InstanceScript.cpp">
      <Filter>Instances</Filter>
    </ClCompile>
    <ClCompile Include="..\..\src\server\game\Loot\LootMgr.cpp">
      <Filter>Loot</Filter>
    </ClCompile>
    <ClCompile Include="..\..\src\server\game\Mails\Mail.cpp">
      <Filter>Mails</Filter>
    </ClCompile>
    <ClCompile Include="..\..\src\server\game\Maps\Map.cpp">
      <Filter>Maps</Filter>
    </ClCompile>
    <ClCompile Include="..\..\src\server\game\Maps\MapInstanced.cpp">
      <Filter>Maps</Filter>
    </ClCompile>
    <ClCompile Include="..\..\src\server\game\Maps\MapManager.cpp">
      <Filter>Maps</Filter>
    </ClCompile>
    <ClCompile Include="..\..\src\server\game\Maps\MapUpdater.cpp">
      <Filter>Maps</Filter>
    </ClCompile>
    <ClCompile Include="..\..\src\server\game\Maps\PhaseMgr.cpp">
      <Filter>Maps</Filter>
    </ClCompile>
    <ClCompile Include="..\..\src\server\game\Maps\TransportMgr.cpp">
      <Filter>Maps</Filter>
    </ClCompile>
    <ClCompile Include="..\..\src\server\game\Movement\FollowerReference.cpp">
      <Filter>Movement</Filter>
    </ClCompile>
    <ClCompile Include="..\..\src\server\game\Movement\MotionMaster.cpp">
      <Filter>Movement</Filter>
    </ClCompile>
    <ClCompile Include="..\..\src\server\game\Movement\MovementGenerator.cpp">
      <Filter>Movement</Filter>
    </ClCompile>
    <ClCompile Include="..\..\src\server\game\Movement\MovementGenerators\ConfusedMovementGenerator.cpp">
      <Filter>Movement</Filter>
    </ClCompile>
    <ClCompile Include="..\..\src\server\game\Movement\MovementGenerators\FleeingMovementGenerator.cpp">
      <Filter>Movement</Filter>
    </ClCompile>
    <ClCompile Include="..\..\src\server\game\Movement\MovementGenerators\HomeMovementGenerator.cpp">
      <Filter>Movement</Filter>
    </ClCompile>
    <ClCompile Include="..\..\src\server\game\Movement\MovementGenerators\IdleMovementGenerator.cpp">
      <Filter>Movement</Filter>
    </ClCompile>
    <ClCompile Include="..\..\src\server\game\Movement\MovementGenerators\PointMovementGenerator.cpp">
      <Filter>Movement</Filter>
    </ClCompile>
    <ClCompile Include="..\..\src\server\game\Movement\MovementGenerators\RandomMovementGenerator.cpp">
      <Filter>Movement</Filter>
    </ClCompile>
    <ClCompile Include="..\..\src\server\game\Movement\MovementGenerators\TargetedMovementGenerator.cpp">
      <Filter>Movement</Filter>
    </ClCompile>
    <ClCompile Include="..\..\src\server\game\Movement\MovementGenerators\WaypointMovementGenerator.cpp">
      <Filter>Movement</Filter>
    </ClCompile>
    <ClCompile Include="..\..\src\server\game\Movement\MovementStructures.cpp">
      <Filter>Movement</Filter>
    </ClCompile>
    <ClCompile Include="..\..\src\server\game\Movement\PathGenerator.cpp">
      <Filter>Movement</Filter>
    </ClCompile>
    <ClCompile Include="..\..\src\server\game\Movement\Spline\MovementPacketBuilder.cpp">
      <Filter>Movement</Filter>
    </ClCompile>
    <ClCompile Include="..\..\src\server\game\Movement\Spline\MovementUtil.cpp">
      <Filter>Movement</Filter>
    </ClCompile>
    <ClCompile Include="..\..\src\server\game\Movement\Spline\MoveSpline.cpp">
      <Filter>Movement</Filter>
    </ClCompile>
    <ClCompile Include="..\..\src\server\game\Movement\Spline\MoveSplineInit.cpp">
      <Filter>Movement</Filter>
    </ClCompile>
    <ClCompile Include="..\..\src\server\game\Movement\Spline\Spline.cpp">
      <Filter>Movement</Filter>
    </ClCompile>
    <ClCompile Include="..\..\src\server\game\Movement\Waypoints\WaypointManager.cpp">
      <Filter>Movement</Filter>
    </ClCompile>
    <ClCompile Include="..\..\src\server\game\OutdoorPvP\OutdoorPvP.cpp">
      <Filter>OutdoorPvP</Filter>
    </ClCompile>
    <ClCompile Include="..\..\src\server\game\OutdoorPvP\OutdoorPvPMgr.cpp">
      <Filter>OutdoorPvP</Filter>
    </ClCompile>
    <ClCompile Include="..\..\src\server\game\Pools\PoolMgr.cpp">
      <Filter>Pools</Filter>
    </ClCompile>
    <ClCompile Include="..\..\src\server\game\Quests\QuestDef.cpp">
      <Filter>Quests</Filter>
    </ClCompile>
    <ClCompile Include="..\..\src\server\game\Reputation\ReputationMgr.cpp">
      <Filter>Reputation</Filter>
    </ClCompile>
    <ClCompile Include="..\..\src\server\game\Scripting\MapScripts.cpp">
      <Filter>Scripting</Filter>
    </ClCompile>
    <ClCompile Include="..\..\src\server\game\Scripting\ScriptLoader.cpp">
      <Filter>Scripting</Filter>
    </ClCompile>
    <ClCompile Include="..\..\src\server\game\Scripting\ScriptMgr.cpp">
      <Filter>Scripting</Filter>
    </ClCompile>
    <ClCompile Include="..\..\src\server\game\Scripting\ScriptSystem.cpp">
      <Filter>Scripting</Filter>
    </ClCompile>
    <ClCompile Include="..\..\src\server\game\Server\Protocol\Opcodes.cpp">
      <Filter>Server</Filter>
    </ClCompile>
    <ClCompile Include="..\..\src\server\game\Server\Protocol\PacketLog.cpp">
      <Filter>Server</Filter>
    </ClCompile>
    <ClCompile Include="..\..\src\server\game\Server\WorldPacket.cpp">
      <Filter>Server</Filter>
    </ClCompile>
    <ClCompile Include="..\..\src\server\game\Server\WorldSession.cpp">
      <Filter>Server</Filter>
    </ClCompile>
    <ClCompile Include="..\..\src\server\game\Server\WorldSocket.cpp">
      <Filter>Server</Filter>
    </ClCompile>
    <ClCompile Include="..\..\src\server\game\Server\WorldSocketMgr.cpp">
      <Filter>Server</Filter>
    </ClCompile>
    <ClCompile Include="..\..\src\server\game\Skills\SkillDiscovery.cpp">
      <Filter>Skills</Filter>
    </ClCompile>
    <ClCompile Include="..\..\src\server\game\Skills\SkillExtraItems.cpp">
      <Filter>Skills</Filter>
    </ClCompile>
    <ClCompile Include="..\..\src\server\game\Spells\Auras\SpellAuraEffects.cpp">
      <Filter>Spells</Filter>
    </ClCompile>
    <ClCompile Include="..\..\src\server\game\Spells\Auras\SpellAuras.cpp">
      <Filter>Spells</Filter>
    </ClCompile>
    <ClCompile Include="..\..\src\server\game\Spells\Spell.cpp">
      <Filter>Spells</Filter>
    </ClCompile>
    <ClCompile Include="..\..\src\server\game\Spells\SpellEffects.cpp">
      <Filter>Spells</Filter>
    </ClCompile>
    <ClCompile Include="..\..\src\server\game\Spells\SpellInfo.cpp">
      <Filter>Spells</Filter>
    </ClCompile>
    <ClCompile Include="..\..\src\server\game\Spells\SpellMgr.cpp">
      <Filter>Spells</Filter>
    </ClCompile>
    <ClCompile Include="..\..\src\server\game\Spells\SpellScript.cpp">
      <Filter>Spells</Filter>
    </ClCompile>
    <ClCompile Include="..\..\src\server\game\Texts\CreatureTextMgr.cpp">
      <Filter>Texts</Filter>
    </ClCompile>
    <ClCompile Include="..\..\src\server\game\Tools\CharacterDatabaseCleaner.cpp">
      <Filter>Tools</Filter>
    </ClCompile>
    <ClCompile Include="..\..\src\server\game\Tools\PlayerDump.cpp">
      <Filter>Tools</Filter>
    </ClCompile>
    <ClCompile Include="..\..\src\server\game\Tickets\TicketMgr.cpp">
      <Filter>Tickets</Filter>
    </ClCompile>
    <ClCompile Include="..\..\src\server\game\Warden\Warden.cpp">
      <Filter>Warden</Filter>
    </ClCompile>
    <ClCompile Include="..\..\src\server\game\Warden\WardenCheckMgr.cpp">
      <Filter>Warden</Filter>
    </ClCompile>
    <ClCompile Include="..\..\src\server\game\Warden\WardenMac.cpp">
      <Filter>Warden</Filter>
    </ClCompile>
    <ClCompile Include="..\..\src\server\game\Warden\WardenWin.cpp">
      <Filter>Warden</Filter>
    </ClCompile>
    <ClCompile Include="..\..\src\server\game\Weather\Weather.cpp">
      <Filter>Weather</Filter>
    </ClCompile>
    <ClCompile Include="..\..\src\server\game\Weather\WeatherMgr.cpp">
      <Filter>Weather</Filter>
    </ClCompile>
    <ClCompile Include="..\..\src\server\game\World\World.cpp">
      <Filter>World</Filter>
    </ClCompile>
    <ClCompile Include="..\..\src\server\game\PrecompiledHeaders\gamePCH.cpp">
      <Filter>PrecompiledHeaders</Filter>
    </ClCompile>
  </ItemGroup>
  <ItemGroup>
    <ClInclude Include="..\..\src\server\game\Accounts\AccountMgr.h">
      <Filter>Accounts</Filter>
    </ClInclude>
    <ClInclude Include="..\..\src\server\game\Accounts\RBAC.h">
      <Filter>Accounts</Filter>
    </ClInclude>
    <ClInclude Include="..\..\src\server\game\Achievements\AchievementMgr.h">
      <Filter>Achievements</Filter>
    </ClInclude>
    <ClInclude Include="..\..\src\server\game\Addons\AddonMgr.h">
      <Filter>Addons</Filter>
    </ClInclude>
    <ClInclude Include="..\..\src\server\game\AI\CoreAI\CombatAI.h">
      <Filter>AI</Filter>
    </ClInclude>
    <ClInclude Include="..\..\src\server\game\AI\CoreAI\GameObjectAI.h">
      <Filter>AI</Filter>
    </ClInclude>
    <ClInclude Include="..\..\src\server\game\AI\CoreAI\GuardAI.h">
      <Filter>AI</Filter>
    </ClInclude>
    <ClInclude Include="..\..\src\server\game\AI\CoreAI\PassiveAI.h">
      <Filter>AI</Filter>
    </ClInclude>
    <ClInclude Include="..\..\src\server\game\AI\CoreAI\PetAI.h">
      <Filter>AI</Filter>
    </ClInclude>
    <ClInclude Include="..\..\src\server\game\AI\CoreAI\ReactorAI.h">
      <Filter>AI</Filter>
    </ClInclude>
    <ClInclude Include="..\..\src\server\game\AI\CoreAI\TotemAI.h">
      <Filter>AI</Filter>
    </ClInclude>
    <ClInclude Include="..\..\src\server\game\AI\CoreAI\UnitAI.h">
      <Filter>AI</Filter>
    </ClInclude>
    <ClInclude Include="..\..\src\server\game\AI\CreatureAI.h">
      <Filter>AI</Filter>
    </ClInclude>
    <ClInclude Include="..\..\src\server\game\AI\CreatureAIFactory.h">
      <Filter>AI</Filter>
    </ClInclude>
    <ClInclude Include="..\..\src\server\game\AI\CreatureAIImpl.h">
      <Filter>AI</Filter>
    </ClInclude>
    <ClInclude Include="..\..\src\server\game\AI\CreatureAIRegistry.h">
      <Filter>AI</Filter>
    </ClInclude>
    <ClInclude Include="..\..\src\server\game\AI\CreatureAISelector.h">
      <Filter>AI</Filter>
    </ClInclude>
    <ClInclude Include="..\..\src\server\game\AI\ScriptedAI\ScriptedCreature.h">
      <Filter>AI</Filter>
    </ClInclude>
    <ClInclude Include="..\..\src\server\game\AI\ScriptedAI\ScriptedEscortAI.h">
      <Filter>AI</Filter>
    </ClInclude>
    <ClInclude Include="..\..\src\server\game\AI\ScriptedAI\ScriptedFollowerAI.h">
      <Filter>AI</Filter>
    </ClInclude>
    <ClInclude Include="..\..\src\server\game\AI\ScriptedAI\ScriptedGossip.h">
      <Filter>AI</Filter>
    </ClInclude>
    <ClInclude Include="..\..\src\server\game\AI\SmartScripts\SmartAI.h">
      <Filter>AI</Filter>
    </ClInclude>
    <ClInclude Include="..\..\src\server\game\AI\SmartScripts\SmartScript.h">
      <Filter>AI</Filter>
    </ClInclude>
    <ClInclude Include="..\..\src\server\game\AI\SmartScripts\SmartScriptMgr.h">
      <Filter>AI</Filter>
    </ClInclude>
    <ClInclude Include="..\..\src\server\game\AuctionHouse\AuctionHouseMgr.h">
      <Filter>AuctionHouse</Filter>
    </ClInclude>
    <ClInclude Include="..\..\src\server\game\Battlefield\Battlefield.h">
      <Filter>Battlefield</Filter>
    </ClInclude>
    <ClInclude Include="..\..\src\server\game\Battlefield\BattlefieldMgr.h">
      <Filter>Battlefield</Filter>
    </ClInclude>
    <ClInclude Include="..\..\src\server\game\Battlefield\Zones\BattlefieldWG.h">
      <Filter>Battlefield</Filter>
    </ClInclude>
    <ClInclude Include="..\..\src\server\game\Battlegrounds\ArenaTeam.h">
      <Filter>Battlegrounds</Filter>
    </ClInclude>
    <ClInclude Include="..\..\src\server\game\Battlegrounds\ArenaTeamMgr.h">
      <Filter>Battlegrounds</Filter>
    </ClInclude>
    <ClInclude Include="..\..\src\server\game\Battlegrounds\Battleground.h">
      <Filter>Battlegrounds</Filter>
    </ClInclude>
    <ClInclude Include="..\..\src\server\game\Battlegrounds\BattlegroundMgr.h">
      <Filter>Battlegrounds</Filter>
    </ClInclude>
    <ClInclude Include="..\..\src\server\game\Battlegrounds\BattlegroundQueue.h">
      <Filter>Battlegrounds</Filter>
    </ClInclude>
    <ClInclude Include="..\..\src\server\game\Battlegrounds\Zones\BattlegroundAB.h">
      <Filter>Battlegrounds</Filter>
    </ClInclude>
    <ClInclude Include="..\..\src\server\game\Battlegrounds\Zones\BattlegroundAV.h">
      <Filter>Battlegrounds</Filter>
    </ClInclude>
    <ClInclude Include="..\..\src\server\game\Battlegrounds\Zones\BattlegroundBE.h">
      <Filter>Battlegrounds</Filter>
    </ClInclude>
    <ClInclude Include="..\..\src\server\game\Battlegrounds\Zones\BattlegroundBFG.h">
      <Filter>Battlegrounds</Filter>
    </ClInclude>
    <ClInclude Include="..\..\src\server\game\Battlegrounds\Zones\BattlegroundDS.h">
      <Filter>Battlegrounds</Filter>
    </ClInclude>
    <ClInclude Include="..\..\src\server\game\Battlegrounds\Zones\BattlegroundEY.h">
      <Filter>Battlegrounds</Filter>
    </ClInclude>
    <ClInclude Include="..\..\src\server\game\Battlegrounds\Zones\BattlegroundIC.h">
      <Filter>Battlegrounds</Filter>
    </ClInclude>
    <ClInclude Include="..\..\src\server\game\Battlegrounds\Zones\BattlegroundNA.h">
      <Filter>Battlegrounds</Filter>
    </ClInclude>
    <ClInclude Include="..\..\src\server\game\Battlegrounds\Zones\BattlegroundRL.h">
      <Filter>Battlegrounds</Filter>
    </ClInclude>
    <ClInclude Include="..\..\src\server\game\Battlegrounds\Zones\BattlegroundRV.h">
      <Filter>Battlegrounds</Filter>
    </ClInclude>
    <ClInclude Include="..\..\src\server\game\Battlegrounds\Zones\BattlegroundSA.h">
      <Filter>Battlegrounds</Filter>
    </ClInclude>
    <ClInclude Include="..\..\src\server\game\Battlegrounds\Zones\BattlegroundTP.h">
      <Filter>Battlegrounds</Filter>
    </ClInclude>
    <ClInclude Include="..\..\src\server\game\Battlegrounds\Zones\BattlegroundWS.h">
      <Filter>Battlegrounds</Filter>
    </ClInclude>
    <ClInclude Include="..\..\src\server\game\Calendar\CalendarMgr.h">
      <Filter>Calendar</Filter>
    </ClInclude>
    <ClInclude Include="..\..\src\server\game\Chat\Channels\Channel.h">
      <Filter>Chat</Filter>
    </ClInclude>
    <ClInclude Include="..\..\src\server\game\Chat\Channels\ChannelMgr.h">
      <Filter>Chat</Filter>
    </ClInclude>
    <ClInclude Include="..\..\src\server\game\Chat\Chat.h">
      <Filter>Chat</Filter>
    </ClInclude>
    <ClInclude Include="..\..\src\server\game\Chat\ChatLink.h">
      <Filter>Chat</Filter>
    </ClInclude>
    <ClInclude Include="..\..\src\server\game\Combat\HostileRefManager.h">
      <Filter>Combat</Filter>
    </ClInclude>
    <ClInclude Include="..\..\src\server\game\Combat\ThreatManager.h">
      <Filter>Combat</Filter>
    </ClInclude>
    <ClInclude Include="..\..\src\server\game\Combat\UnitEvents.h">
      <Filter>Combat</Filter>
    </ClInclude>
    <ClInclude Include="..\..\src\server\game\Conditions\ConditionMgr.h">
      <Filter>Conditions</Filter>
    </ClInclude>
    <ClInclude Include="..\..\src\server\game\Conditions\DisableMgr.h">
      <Filter>Conditions</Filter>
    </ClInclude>
    <ClInclude Include="..\..\src\server\game\DataStores\DB2fmt.h">
      <Filter>DataStores</Filter>
    </ClInclude>
    <ClInclude Include="..\..\src\server\game\DataStores\DB2Stores.h">
      <Filter>DataStores</Filter>
    </ClInclude>
    <ClInclude Include="..\..\src\server\game\DataStores\DB2Structure.h">
      <Filter>DataStores</Filter>
    </ClInclude>
    <ClInclude Include="..\..\src\server\game\DataStores\DB2Utility.h">
      <Filter>DataStores</Filter>
    </ClInclude>
    <ClInclude Include="..\..\src\server\game\DataStores\DBCEnums.h">
      <Filter>DataStores</Filter>
    </ClInclude>
    <ClInclude Include="..\..\src\server\game\DataStores\DBCfmt.h">
      <Filter>DataStores</Filter>
    </ClInclude>
    <ClInclude Include="..\..\src\server\game\DataStores\DBCStores.h">
      <Filter>DataStores</Filter>
    </ClInclude>
    <ClInclude Include="..\..\src\server\game\DataStores\DBCStructure.h">
      <Filter>DataStores</Filter>
    </ClInclude>
    <ClInclude Include="..\..\src\server\game\DungeonFinding\LFG.h">
      <Filter>DungeonFinding</Filter>
    </ClInclude>
    <ClInclude Include="..\..\src\server\game\DungeonFinding\LFGGroupData.h">
      <Filter>DungeonFinding</Filter>
    </ClInclude>
    <ClInclude Include="..\..\src\server\game\DungeonFinding\LFGMgr.h">
      <Filter>DungeonFinding</Filter>
    </ClInclude>
    <ClInclude Include="..\..\src\server\game\DungeonFinding\LFGPlayerData.h">
      <Filter>DungeonFinding</Filter>
    </ClInclude>
    <ClInclude Include="..\..\src\server\game\DungeonFinding\LFGQueue.h">
      <Filter>DungeonFinding</Filter>
    </ClInclude>
    <ClInclude Include="..\..\src\server\game\DungeonFinding\LFGScripts.h">
      <Filter>DungeonFinding</Filter>
    </ClInclude>
    <ClInclude Include="..\..\src\server\game\Entities\AreaTrigger\AreaTrigger.h">
      <Filter>Entities</Filter>
    </ClInclude>
    <ClInclude Include="..\..\src\server\game\Entities\Corpse\Corpse.h">
      <Filter>Entities</Filter>
    </ClInclude>
    <ClInclude Include="..\..\src\server\game\Entities\Creature\Creature.h">
      <Filter>Entities</Filter>
    </ClInclude>
    <ClInclude Include="..\..\src\server\game\Entities\Creature\CreatureGroups.h">
      <Filter>Entities</Filter>
    </ClInclude>
    <ClInclude Include="..\..\src\server\game\Entities\Creature\GossipDef.h">
      <Filter>Entities</Filter>
    </ClInclude>
    <ClInclude Include="..\..\src\server\game\Entities\Creature\TemporarySummon.h">
      <Filter>Entities</Filter>
    </ClInclude>
    <ClInclude Include="..\..\src\server\game\Entities\DynamicObject\DynamicObject.h">
      <Filter>Entities</Filter>
    </ClInclude>
    <ClInclude Include="..\..\src\server\game\Entities\GameObject\GameObject.h">
      <Filter>Entities</Filter>
    </ClInclude>
    <ClInclude Include="..\..\src\server\game\Entities\Item\Container\Bag.h">
      <Filter>Entities</Filter>
    </ClInclude>
    <ClInclude Include="..\..\src\server\game\Entities\Item\Item.h">
      <Filter>Entities</Filter>
    </ClInclude>
    <ClInclude Include="..\..\src\server\game\Entities\Item\ItemEnchantmentMgr.h">
      <Filter>Entities</Filter>
    </ClInclude>
    <ClInclude Include="..\..\src\server\game\Entities\Item\ItemPrototype.h">
      <Filter>Entities</Filter>
    </ClInclude>
    <ClInclude Include="..\..\src\server\game\Entities\Object\Object.h">
      <Filter>Entities</Filter>
    </ClInclude>
    <ClInclude Include="..\..\src\server\game\Entities\Object\ObjectDefines.h">
      <Filter>Entities</Filter>
    </ClInclude>
    <ClInclude Include="..\..\src\server\game\Entities\Object\ObjectPosSelector.h">
      <Filter>Entities</Filter>
    </ClInclude>
    <ClInclude Include="..\..\src\server\game\Entities\Object\Updates\UpdateData.h">
      <Filter>Entities</Filter>
    </ClInclude>
    <ClInclude Include="..\..\src\server\game\Entities\Object\Updates\UpdateFieldFlags.h">
      <Filter>Entities</Filter>
    </ClInclude>
    <ClInclude Include="..\..\src\server\game\Entities\Object\Updates\UpdateFields.h">
      <Filter>Entities</Filter>
    </ClInclude>
    <ClInclude Include="..\..\src\server\game\Entities\Object\Updates\UpdateMask.h">
      <Filter>Entities</Filter>
    </ClInclude>
    <ClInclude Include="..\..\src\server\game\Entities\Pet\Pet.h">
      <Filter>Entities</Filter>
    </ClInclude>
    <ClInclude Include="..\..\src\server\game\Entities\Pet\PetDefines.h">
      <Filter>Entities</Filter>
    </ClInclude>
    <ClInclude Include="..\..\src\server\game\Entities\Player\Player.h">
      <Filter>Entities</Filter>
    </ClInclude>
    <ClInclude Include="..\..\src\server\game\Entities\Player\SocialMgr.h">
      <Filter>Entities</Filter>
    </ClInclude>
    <ClInclude Include="..\..\src\server\game\Entities\Totem\Totem.h">
      <Filter>Entities</Filter>
    </ClInclude>
    <ClInclude Include="..\..\src\server\game\Entities\Transport\Transport.h">
      <Filter>Entities</Filter>
    </ClInclude>
    <ClInclude Include="..\..\src\server\game\Entities\Unit\Unit.h">
      <Filter>Entities</Filter>
    </ClInclude>
    <ClInclude Include="..\..\src\server\game\Entities\Vehicle\Vehicle.h">
      <Filter>Entities</Filter>
    </ClInclude>
    <ClInclude Include="..\..\src\server\game\Entities\Vehicle\VehicleDefines.h">
      <Filter>Entities</Filter>
    </ClInclude>
    <ClInclude Include="..\..\src\server\game\Events\GameEventMgr.h">
      <Filter>Events</Filter>
    </ClInclude>
    <ClInclude Include="..\..\src\server\game\Globals\ObjectAccessor.h">
      <Filter>Globals</Filter>
    </ClInclude>
    <ClInclude Include="..\..\src\server\game\Globals\ObjectMgr.h">
      <Filter>Globals</Filter>
    </ClInclude>
    <ClInclude Include="..\..\src\server\game\Grids\Cells\Cell.h">
      <Filter>Grids</Filter>
    </ClInclude>
    <ClInclude Include="..\..\src\server\game\Grids\Cells\CellImpl.h">
      <Filter>Grids</Filter>
    </ClInclude>
    <ClInclude Include="..\..\src\server\game\Grids\Grid.h">
      <Filter>Grids</Filter>
    </ClInclude>
    <ClInclude Include="..\..\src\server\game\Grids\GridDefines.h">
      <Filter>Grids</Filter>
    </ClInclude>
    <ClInclude Include="..\..\src\server\game\Grids\GridLoader.h">
      <Filter>Grids</Filter>
    </ClInclude>
    <ClInclude Include="..\..\src\server\game\Grids\GridReference.h">
      <Filter>Grids</Filter>
    </ClInclude>
    <ClInclude Include="..\..\src\server\game\Grids\GridRefManager.h">
      <Filter>Grids</Filter>
    </ClInclude>
    <ClInclude Include="..\..\src\server\game\Grids\GridStates.h">
      <Filter>Grids</Filter>
    </ClInclude>
    <ClInclude Include="..\..\src\server\game\Grids\NGrid.h">
      <Filter>Grids</Filter>
    </ClInclude>
    <ClInclude Include="..\..\src\server\game\Grids\Notifiers\GridNotifiers.h">
      <Filter>Grids</Filter>
    </ClInclude>
    <ClInclude Include="..\..\src\server\game\Grids\Notifiers\GridNotifiersImpl.h">
      <Filter>Grids</Filter>
    </ClInclude>
    <ClInclude Include="..\..\src\server\game\Grids\ObjectGridLoader.h">
      <Filter>Grids</Filter>
    </ClInclude>
    <ClInclude Include="..\..\src\server\game\Groups\Group.h">
      <Filter>Groups</Filter>
    </ClInclude>
    <ClInclude Include="..\..\src\server\game\Groups\GroupMgr.h">
      <Filter>Groups</Filter>
    </ClInclude>
    <ClInclude Include="..\..\src\server\game\Groups\GroupReference.h">
      <Filter>Groups</Filter>
    </ClInclude>
    <ClInclude Include="..\..\src\server\game\Groups\GroupRefManager.h">
      <Filter>Groups</Filter>
    </ClInclude>
    <ClInclude Include="..\..\src\server\game\Guilds\Guild.h">
      <Filter>Guilds</Filter>
    </ClInclude>
    <ClInclude Include="..\..\src\server\game\Guilds\GuildFinderMgr.h">
      <Filter>Guilds</Filter>
    </ClInclude>
    <ClInclude Include="..\..\src\server\game\Guilds\GuildMgr.h">
      <Filter>Guilds</Filter>
    </ClInclude>
    <ClInclude Include="..\..\src\server\game\Handlers\AddonHandler.h">
      <Filter>Handlers</Filter>
    </ClInclude>
    <ClInclude Include="..\..\src\server\game\Handlers\NPCHandler.h">
      <Filter>Handlers</Filter>
    </ClInclude>
    <ClInclude Include="..\..\src\server\game\Instances\InstanceSaveMgr.h">
      <Filter>Instances</Filter>
    </ClInclude>
    <ClInclude Include="..\..\src\server\game\Instances\InstanceScript.h">
      <Filter>Instances</Filter>
    </ClInclude>
    <ClInclude Include="..\..\src\server\game\Loot\LootMgr.h">
      <Filter>Loot</Filter>
    </ClInclude>
    <ClInclude Include="..\..\src\server\game\Mails\Mail.h">
      <Filter>Mails</Filter>
    </ClInclude>
    <ClInclude Include="..\..\src\server\game\Maps\Map.h">
      <Filter>Maps</Filter>
    </ClInclude>
    <ClInclude Include="..\..\src\server\game\Maps\MapInstanced.h">
      <Filter>Maps</Filter>
    </ClInclude>
    <ClInclude Include="..\..\src\server\game\Maps\MapManager.h">
      <Filter>Maps</Filter>
    </ClInclude>
    <ClInclude Include="..\..\src\server\game\Maps\MapReference.h">
      <Filter>Maps</Filter>
    </ClInclude>
    <ClInclude Include="..\..\src\server\game\Maps\MapRefManager.h">
      <Filter>Maps</Filter>
    </ClInclude>
    <ClInclude Include="..\..\src\server\game\Maps\MapUpdater.h">
      <Filter>Maps</Filter>
    </ClInclude>
    <ClInclude Include="..\..\src\server\game\Maps\PhaseMgr.h">
      <Filter>Maps</Filter>
    </ClInclude>
    <ClInclude Include="..\..\src\server\game\Maps\TransportMgr.h">
      <Filter>Maps</Filter>
    </ClInclude>
    <ClInclude Include="..\..\src\server\game\Maps\ZoneScript.h">
      <Filter>Maps</Filter>
    </ClInclude>
    <ClInclude Include="..\..\src\server\game\Miscellaneous\Formulas.h">
      <Filter>Miscellaneous</Filter>
    </ClInclude>
    <ClInclude Include="..\..\src\server\game\Miscellaneous\Language.h">
      <Filter>Miscellaneous</Filter>
    </ClInclude>
    <ClInclude Include="..\..\src\server\game\Miscellaneous\SharedDefines.h">
      <Filter>Miscellaneous</Filter>
    </ClInclude>
    <ClInclude Include="..\..\src\server\game\Movement\FollowerReference.h">
      <Filter>Movement</Filter>
    </ClInclude>
    <ClInclude Include="..\..\src\server\game\Movement\FollowerRefManager.h">
      <Filter>Movement</Filter>
    </ClInclude>
    <ClInclude Include="..\..\src\server\game\Movement\MotionMaster.h">
      <Filter>Movement</Filter>
    </ClInclude>
    <ClInclude Include="..\..\src\server\game\Movement\MovementGenerator.h">
      <Filter>Movement</Filter>
    </ClInclude>
    <ClInclude Include="..\..\src\server\game\Movement\MovementGeneratorImpl.h">
      <Filter>Movement</Filter>
    </ClInclude>
    <ClInclude Include="..\..\src\server\game\Movement\MovementGenerators\ConfusedMovementGenerator.h">
      <Filter>Movement</Filter>
    </ClInclude>
    <ClInclude Include="..\..\src\server\game\Movement\MovementGenerators\FleeingMovementGenerator.h">
      <Filter>Movement</Filter>
    </ClInclude>
    <ClInclude Include="..\..\src\server\game\Movement\MovementGenerators\HomeMovementGenerator.h">
      <Filter>Movement</Filter>
    </ClInclude>
    <ClInclude Include="..\..\src\server\game\Movement\MovementGenerators\IdleMovementGenerator.h">
      <Filter>Movement</Filter>
    </ClInclude>
    <ClInclude Include="..\..\src\server\game\Movement\MovementGenerators\PointMovementGenerator.h">
      <Filter>Movement</Filter>
    </ClInclude>
    <ClInclude Include="..\..\src\server\game\Movement\MovementGenerators\RandomMovementGenerator.h">
      <Filter>Movement</Filter>
    </ClInclude>
    <ClInclude Include="..\..\src\server\game\Movement\MovementGenerators\TargetedMovementGenerator.h">
      <Filter>Movement</Filter>
    </ClInclude>
    <ClInclude Include="..\..\src\server\game\Movement\MovementGenerators\WaypointMovementGenerator.h">
      <Filter>Movement</Filter>
    </ClInclude>
    <ClInclude Include="..\..\src\server\game\Movement\MovementStructures.h">
      <Filter>Movement</Filter>
    </ClInclude>
    <ClInclude Include="..\..\src\server\game\Movement\PathGenerator.h">
      <Filter>Movement</Filter>
    </ClInclude>
    <ClInclude Include="..\..\src\server\game\Movement\Spline\MovementPacketBuilder.h">
      <Filter>Movement</Filter>
    </ClInclude>
    <ClInclude Include="..\..\src\server\game\Movement\Spline\MovementTypedefs.h">
      <Filter>Movement</Filter>
    </ClInclude>
    <ClInclude Include="..\..\src\server\game\Movement\Spline\MoveSpline.h">
      <Filter>Movement</Filter>
    </ClInclude>
    <ClInclude Include="..\..\src\server\game\Movement\Spline\MoveSplineFlag.h">
      <Filter>Movement</Filter>
    </ClInclude>
    <ClInclude Include="..\..\src\server\game\Movement\Spline\MoveSplineInit.h">
      <Filter>Movement</Filter>
    </ClInclude>
    <ClInclude Include="..\..\src\server\game\Movement\Spline\MoveSplineInitArgs.h">
      <Filter>Movement</Filter>
    </ClInclude>
    <ClInclude Include="..\..\src\server\game\Movement\Spline\Spline.h">
      <Filter>Movement</Filter>
    </ClInclude>
    <ClInclude Include="..\..\src\server\game\Movement\Spline\SplineImpl.h">
      <Filter>Movement</Filter>
    </ClInclude>
    <ClInclude Include="..\..\src\server\game\Movement\Waypoints\Path.h">
      <Filter>Movement</Filter>
    </ClInclude>
    <ClInclude Include="..\..\src\server\game\Movement\Waypoints\WaypointManager.h">
      <Filter>Movement</Filter>
    </ClInclude>
    <ClInclude Include="..\..\src\server\game\OutdoorPvP\OutdoorPvP.h">
      <Filter>OutdoorPvP</Filter>
    </ClInclude>
    <ClInclude Include="..\..\src\server\game\OutdoorPvP\OutdoorPvPMgr.h">
      <Filter>OutdoorPvP</Filter>
    </ClInclude>
    <ClInclude Include="..\..\src\server\game\Pools\PoolMgr.h">
      <Filter>Pools</Filter>
    </ClInclude>
    <ClInclude Include="..\..\src\server\game\Quests\QuestDef.h">
      <Filter>Quests</Filter>
    </ClInclude>
    <ClInclude Include="..\..\src\server\game\Reputation\ReputationMgr.h">
      <Filter>Reputation</Filter>
    </ClInclude>
    <ClInclude Include="..\..\src\server\game\Scripting\ScriptLoader.h">
      <Filter>Scripting</Filter>
    </ClInclude>
    <ClInclude Include="..\..\src\server\game\Scripting\ScriptMgr.h">
      <Filter>Scripting</Filter>
    </ClInclude>
    <ClInclude Include="..\..\src\server\game\Scripting\ScriptSystem.h">
      <Filter>Scripting</Filter>
    </ClInclude>
    <ClInclude Include="..\..\src\server\game\Server\Protocol\Opcodes.h">
      <Filter>Server</Filter>
    </ClInclude>
    <ClInclude Include="..\..\src\server\game\Server\Protocol\PacketLog.h">
      <Filter>Server</Filter>
    </ClInclude>
    <ClInclude Include="..\..\src\server\game\Server\WorldPacket.h">
      <Filter>Server</Filter>
    </ClInclude>
    <ClInclude Include="..\..\src\server\game\Server\WorldSession.h">
      <Filter>Server</Filter>
    </ClInclude>
    <ClInclude Include="..\..\src\server\game\Server\WorldSocket.h">
      <Filter>Server</Filter>
    </ClInclude>
    <ClInclude Include="..\..\src\server\game\Server\WorldSocketAcceptor.h">
      <Filter>Server</Filter>
    </ClInclude>
    <ClInclude Include="..\..\src\server\game\Server\WorldSocketMgr.h">
      <Filter>Server</Filter>
    </ClInclude>
    <ClInclude Include="..\..\src\server\game\Skills\SkillDiscovery.h">
      <Filter>Skills</Filter>
    </ClInclude>
    <ClInclude Include="..\..\src\server\game\Skills\SkillExtraItems.h">
      <Filter>Skills</Filter>
    </ClInclude>
    <ClInclude Include="..\..\src\server\game\Spells\Auras\SpellAuraDefines.h">
      <Filter>Spells</Filter>
    </ClInclude>
    <ClInclude Include="..\..\src\server\game\Spells\Auras\SpellAuraEffects.h">
      <Filter>Spells</Filter>
    </ClInclude>
    <ClInclude Include="..\..\src\server\game\Spells\Auras\SpellAuras.h">
      <Filter>Spells</Filter>
    </ClInclude>
    <ClInclude Include="..\..\src\server\game\Spells\Spell.h">
      <Filter>Spells</Filter>
    </ClInclude>
    <ClInclude Include="..\..\src\server\game\Spells\SpellInfo.h">
      <Filter>Spells</Filter>
    </ClInclude>
    <ClInclude Include="..\..\src\server\game\Spells\SpellMgr.h">
      <Filter>Spells</Filter>
    </ClInclude>
    <ClInclude Include="..\..\src\server\game\Spells\SpellScript.h">
      <Filter>Spells</Filter>
    </ClInclude>
    <ClInclude Include="..\..\src\server\game\Texts\CreatureTextMgr.h">
      <Filter>Texts</Filter>
    </ClInclude>
    <ClInclude Include="..\..\src\server\game\Tools\CharacterDatabaseCleaner.h">
      <Filter>Tools</Filter>
    </ClInclude>
    <ClInclude Include="..\..\src\server\game\Tools\PlayerDump.h">
      <Filter>Tools</Filter>
    </ClInclude>
    <ClInclude Include="..\..\src\server\game\Tickets\TicketMgr.h">
      <Filter>Tickets</Filter>
    </ClInclude>
    <ClInclude Include="..\..\src\server\game\Warden\Modules\WardenModuleMac.h">
      <Filter>Warden</Filter>
    </ClInclude>
    <ClInclude Include="..\..\src\server\game\Warden\Modules\WardenModuleWin.h">
      <Filter>Warden</Filter>
    </ClInclude>
    <ClInclude Include="..\..\src\server\game\Warden\Warden.h">
      <Filter>Warden</Filter>
    </ClInclude>
    <ClInclude Include="..\..\src\server\game\Warden\WardenCheckMgr.h">
      <Filter>Warden</Filter>
    </ClInclude>
    <ClInclude Include="..\..\src\server\game\Warden\WardenMac.h">
      <Filter>Warden</Filter>
    </ClInclude>
    <ClInclude Include="..\..\src\server\game\Warden\WardenWin.h">
      <Filter>Warden</Filter>
    </ClInclude>
    <ClInclude Include="..\..\src\server\game\Weather\Weather.h">
      <Filter>Weather</Filter>
    </ClInclude>
    <ClInclude Include="..\..\src\server\game\Weather\WeatherMgr.h">
      <Filter>Weather</Filter>
    </ClInclude>
    <ClInclude Include="..\..\src\server\game\World\World.h">
      <Filter>World</Filter>
    </ClInclude>
  </ItemGroup>
  <ItemGroup>
    <Filter Include="Accounts">
      <UniqueIdentifier>{09C73944-C057-4FA6-80E5-3B29488F286B}</UniqueIdentifier>
    </Filter>
    <Filter Include="Achievements">
      <UniqueIdentifier>{66B4795E-B373-48D8-AC7A-4E1462C01FCA}</UniqueIdentifier>
    </Filter>
    <Filter Include="Addons">
      <UniqueIdentifier>{86F32820-BE1F-48FE-8C49-B31C277058EE}</UniqueIdentifier>
    </Filter>
    <Filter Include="AI">
      <UniqueIdentifier>{E0AC80DC-B6C6-40F6-8BFB-45497B998EC3}</UniqueIdentifier>
    </Filter>
    <Filter Include="AuctionHouse">
      <UniqueIdentifier>{BDC364CA-1F9C-4B6E-B552-66B8BC83D552}</UniqueIdentifier>
    </Filter>
    <Filter Include="Battlefield">
      <UniqueIdentifier>{72313A46-66FE-49D4-A31F-970A245967BC}</UniqueIdentifier>
    </Filter>
    <Filter Include="Battlegrounds">
      <UniqueIdentifier>{7F99580E-91D6-400D-B569-286EE1138184}</UniqueIdentifier>
    </Filter>
    <Filter Include="Calendar">
      <UniqueIdentifier>{B5E15C1E-DB84-4F63-B4BD-EA7D92055C14}</UniqueIdentifier>
    </Filter>
    <Filter Include="Chat">
      <UniqueIdentifier>{9FEFA9E5-736A-487C-9727-21749949D581}</UniqueIdentifier>
    </Filter>
    <Filter Include="Combat">
      <UniqueIdentifier>{A5EA70E7-0A7E-426D-8FA3-35AFC8372235}</UniqueIdentifier>
    </Filter>
    <Filter Include="Conditions">
      <UniqueIdentifier>{421DC663-4263-4E2D-9DAC-7B950EB2B277}</UniqueIdentifier>
    </Filter>
    <Filter Include="DataStores">
      <UniqueIdentifier>{6FF14309-3A06-4AA8-89BB-53B90FF4DDEC}</UniqueIdentifier>
    </Filter>
    <Filter Include="DungeonFinding">
      <UniqueIdentifier>{6ED5CA9A-B32B-44E1-BC81-9CCD00FAE6A9}</UniqueIdentifier>
    </Filter>
    <Filter Include="Entities">
      <UniqueIdentifier>{588ED461-3015-42B7-BF91-39FAE9C17606}</UniqueIdentifier>
    </Filter>
    <Filter Include="Events">
      <UniqueIdentifier>{5A8B75A1-0671-4479-A716-EB26E7F62574}</UniqueIdentifier>
    </Filter>
    <Filter Include="Globals">
      <UniqueIdentifier>{D1B55108-2C10-454C-90AE-096DEAC21290}</UniqueIdentifier>
    </Filter>
    <Filter Include="Grids">
      <UniqueIdentifier>{B1573BEF-16C3-4171-B53C-77F01CDB8822}</UniqueIdentifier>
    </Filter>
    <Filter Include="Groups">
      <UniqueIdentifier>{83875BCB-C994-46E0-ACEC-46EE325FE967}</UniqueIdentifier>
    </Filter>
    <Filter Include="Guilds">
      <UniqueIdentifier>{718D7267-0DEA-45BC-84AF-C0E9C184CD64}</UniqueIdentifier>
    </Filter>
    <Filter Include="Handlers">
      <UniqueIdentifier>{E5062409-F0FE-471C-BD4D-B7098D279BD9}</UniqueIdentifier>
    </Filter>
    <Filter Include="Instances">
      <UniqueIdentifier>{0AA2EBB1-474E-461D-9D95-F16782930644}</UniqueIdentifier>
    </Filter>
    <Filter Include="Loot">
      <UniqueIdentifier>{58A4066A-06EF-4111-BC63-B0C475B02A0A}</UniqueIdentifier>
    </Filter>
    <Filter Include="Mails">
      <UniqueIdentifier>{90F3926F-286C-4529-B043-A013C1916ABD}</UniqueIdentifier>
    </Filter>
    <Filter Include="Maps">
      <UniqueIdentifier>{D2E02C4B-AF6C-4B8C-8FC3-D3BBA0F2D255}</UniqueIdentifier>
    </Filter>
    <Filter Include="Miscellaneous">
      <UniqueIdentifier>{C820B42B-5FCA-44A5-8FA3-02D885AE8BA3}</UniqueIdentifier>
    </Filter>
    <Filter Include="Movement">
      <UniqueIdentifier>{869E9166-6D18-4ACA-9904-AAAA716C7CC6}</UniqueIdentifier>
    </Filter>
    <Filter Include="OutdoorPvP">
      <UniqueIdentifier>{E4B15AE2-127F-4379-8E39-207A50060D92}</UniqueIdentifier>
    </Filter>
    <Filter Include="Pools">
      <UniqueIdentifier>{4F92276E-4144-4A7B-9E81-F5872A8CB247}</UniqueIdentifier>
    </Filter>
    <Filter Include="PrecompiledHeaders">
      <UniqueIdentifier>{A7708EBD-785E-4605-975E-AA8D0590372D}</UniqueIdentifier>
    </Filter>
    <Filter Include="Quests">
      <UniqueIdentifier>{A488C3DB-FA47-44CC-9D1F-222FDE4CCE70}</UniqueIdentifier>
    </Filter>
    <Filter Include="Reputation">
      <UniqueIdentifier>{C1A100CC-A3EA-4AEB-973A-AE6541897ECE}</UniqueIdentifier>
    </Filter>
    <Filter Include="Scripting">
      <UniqueIdentifier>{9596EB64-AF48-4255-B52E-AD64F6337428}</UniqueIdentifier>
    </Filter>
    <Filter Include="Server">
      <UniqueIdentifier>{68389803-D936-4E1C-B778-CE43C378A657}</UniqueIdentifier>
    </Filter>
    <Filter Include="Skills">
      <UniqueIdentifier>{6C22AC1D-FB12-4E19-94F0-54BF774911A6}</UniqueIdentifier>
    </Filter>
    <Filter Include="Spells">
      <UniqueIdentifier>{4E3766D2-842C-4F6A-9859-AA16198481F2}</UniqueIdentifier>
    </Filter>
    <Filter Include="Texts">
      <UniqueIdentifier>{581E882F-E381-4255-843C-8F960C1D6DFD}</UniqueIdentifier>
    </Filter>
    <Filter Include="Tools">
      <UniqueIdentifier>{039858C7-5697-44CA-80D6-CE8E566336A6}</UniqueIdentifier>
    </Filter>
    <Filter Include="Tickets">
      <UniqueIdentifier>{7A03A72B-B1C9-4562-9C47-EB8944FFC844}</UniqueIdentifier>
    </Filter>
    <Filter Include="Warden">
      <UniqueIdentifier>{04728B32-6DDF-447F-BB13-13917C89029C}</UniqueIdentifier>
    </Filter>
    <Filter Include="Weather">
      <UniqueIdentifier>{4F259BFB-4265-4F9B-9627-65E1FDAC45FF}</UniqueIdentifier>
    </Filter>
    <Filter Include="World">
      <UniqueIdentifier>{24495131-0D35-4F97-B498-B33B0842A12D}</UniqueIdentifier>
    </Filter>
  </ItemGroup>
</Project>
