Microsoft Visual Studio Solution File, Format Version 12.00
# Visual Studio 2013
VisualStudioVersion = 12.0.30324.0
MinimumVisualStudioVersion = 10.0.40219.1
Project("{8BC9CEB8-8B4A-11D0-8D11-00A0C91BC942}") = "Detour", "VC120\Detour.vcxproj", "{22FBC43D-2930-436D-A0AE-156B6E2AC773}"
	ProjectSection(ProjectDependencies) = postProject
		{7E3D9871-944E-4BD1-84A7-9C09F41CB112} = {7E3D9871-944E-4BD1-84A7-9C09F41CB112}
	EndProjectSection
EndProject
Project("{8BC9CEB8-8B4A-11D0-8D11-00A0C91BC942}") = "Recast", "VC120\Recast.vcxproj", "{EDC125C0-A13F-4533-8ED8-5B1459FCD9BF}"
	ProjectSection(ProjectDependencies) = postProject
		{7E3D9871-944E-4BD1-84A7-9C09F41CB112} = {7E3D9871-944E-4BD1-84A7-9C09F41CB112}
	EndProjectSection
EndProject
Project("{8BC9CEB8-8B4A-11D0-8D11-00A0C91BC942}") = "ace", "VC120\ace.vcxproj", "{45867821-5E5F-4810-88ED-F6E107233E0A}"
EndProject
Project("{8BC9CEB8-8B4A-11D0-8D11-00A0C91BC942}") = "authserver", "VC120\authserver.vcxproj", "{B6EB8F1F-0605-4344-943C-301D330B64EF}"
	ProjectSection(ProjectDependencies) = postProject
		{45867821-5E5F-4810-88ED-F6E107233E0A} = {45867821-5E5F-4810-88ED-F6E107233E0A}
		{8B82300D-DE54-49A9-85AC-DF6735CE62A7} = {8B82300D-DE54-49A9-85AC-DF6735CE62A7}
		{57D666F7-2F45-4ECB-B75A-D41F5C133B48} = {57D666F7-2F45-4ECB-B75A-D41F5C133B48}
		{7E3D9871-944E-4BD1-84A7-9C09F41CB112} = {7E3D9871-944E-4BD1-84A7-9C09F41CB112}
	EndProjectSection
EndProject
Project("{8BC9CEB8-8B4A-11D0-8D11-00A0C91BC942}") = "bzip2", "VC120\bzip2.vcxproj", "{86A3827C-F512-440D-BF92-3BE61312C420}"
EndProject
Project("{8BC9CEB8-8B4A-11D0-8D11-00A0C91BC942}") = "collision", "VC120\collision.vcxproj", "{BB4BE98D-387C-45C6-AF98-E21217481D05}"
	ProjectSection(ProjectDependencies) = postProject
		{45867821-5E5F-4810-88ED-F6E107233E0A} = {45867821-5E5F-4810-88ED-F6E107233E0A}
		{57D666F7-2F45-4ECB-B75A-D41F5C133B48} = {57D666F7-2F45-4ECB-B75A-D41F5C133B48}
	EndProjectSection
EndProject
Project("{8BC9CEB8-8B4A-11D0-8D11-00A0C91BC942}") = "g3dlib", "VC120\g3dlib.vcxproj", "{9B45BD40-98CF-4529-BBD5-CAED4277E83B}"
	ProjectSection(ProjectDependencies) = postProject
		{7E3D9871-944E-4BD1-84A7-9C09F41CB112} = {7E3D9871-944E-4BD1-84A7-9C09F41CB112}
	EndProjectSection
EndProject
Project("{8BC9CEB8-8B4A-11D0-8D11-00A0C91BC942}") = "game", "VC120\game.vcxproj", "{8F4B870D-5DA3-417A-A898-3BE4C0249209}"
EndProject
Project("{8BC9CEB8-8B4A-11D0-8D11-00A0C91BC942}") = "gsoap", "VC120\gsoap.vcxproj", "{D73AF7FF-7775-445D-BB97-E02B6C6DEA8A}"
EndProject
Project("{8BC9CEB8-8B4A-11D0-8D11-00A0C91BC942}") = "libmysql", "VC120\libmysql.vcxproj", "{8B82300D-DE54-49A9-85AC-DF6735CE62A7}"
	ProjectSection(ProjectDependencies) = postProject
		{7E3D9871-944E-4BD1-84A7-9C09F41CB112} = {7E3D9871-944E-4BD1-84A7-9C09F41CB112}
	EndProjectSection
EndProject
Project("{8BC9CEB8-8B4A-11D0-8D11-00A0C91BC942}") = "scripts", "VC120\scripts.vcxproj", "{D6820970-3A36-40EF-A874-C25F19D3820E}"
EndProject
Project("{8BC9CEB8-8B4A-11D0-8D11-00A0C91BC942}") = "shared", "VC120\shared.vcxproj", "{57D666F7-2F45-4ECB-B75A-D41F5C133B48}"
	ProjectSection(ProjectDependencies) = postProject
		{45867821-5E5F-4810-88ED-F6E107233E0A} = {45867821-5E5F-4810-88ED-F6E107233E0A}
	EndProjectSection
EndProject
Project("{8BC9CEB8-8B4A-11D0-8D11-00A0C91BC942}") = "StormLib", "VC120\StormLib.vcxproj", "{3D89FF9D-742E-498A-8FB1-E52696C229C9}"
EndProject
Project("{8BC9CEB8-8B4A-11D0-8D11-00A0C91BC942}") = "worldserver", "VC120\worldserver.vcxproj", "{5B7D7F14-0C87-45A2-8A94-B9AD5BAAD255}"
	ProjectSection(ProjectDependencies) = postProject
		{22FBC43D-2930-436D-A0AE-156B6E2AC773} = {22FBC43D-2930-436D-A0AE-156B6E2AC773}
		{45867821-5E5F-4810-88ED-F6E107233E0A} = {45867821-5E5F-4810-88ED-F6E107233E0A}
		{BB4BE98D-387C-45C6-AF98-E21217481D05} = {BB4BE98D-387C-45C6-AF98-E21217481D05}
		{9B45BD40-98CF-4529-BBD5-CAED4277E83B} = {9B45BD40-98CF-4529-BBD5-CAED4277E83B}
		{8F4B870D-5DA3-417A-A898-3BE4C0249209} = {8F4B870D-5DA3-417A-A898-3BE4C0249209}
		{D73AF7FF-7775-445D-BB97-E02B6C6DEA8A} = {D73AF7FF-7775-445D-BB97-E02B6C6DEA8A}
		{8B82300D-DE54-49A9-85AC-DF6735CE62A7} = {8B82300D-DE54-49A9-85AC-DF6735CE62A7}
		{D6820970-3A36-40EF-A874-C25F19D3820E} = {D6820970-3A36-40EF-A874-C25F19D3820E}
		{57D666F7-2F45-4ECB-B75A-D41F5C133B48} = {57D666F7-2F45-4ECB-B75A-D41F5C133B48}
		{7E3D9871-944E-4BD1-84A7-9C09F41CB112} = {7E3D9871-944E-4BD1-84A7-9C09F41CB112}
	EndProjectSection
EndProject
Project("{8BC9CEB8-8B4A-11D0-8D11-00A0C91BC942}") = "zlib", "VC120\zlib.vcxproj", "{7E3D9871-944E-4BD1-84A7-9C09F41CB112}"
EndProject
Global
	GlobalSection(SolutionConfigurationPlatforms) = preSolution
		Debug|x64 = Debug|x64
		MinSizeRel|x64 = MinSizeRel|x64
		Release|x64 = Release|x64
		RelWithDebInfo|x64 = RelWithDebInfo|x64
	EndGlobalSection
	GlobalSection(ProjectConfigurationPlatforms) = postSolution
		{22FBC43D-2930-436D-A0AE-156B6E2AC773}.Debug|x64.ActiveCfg = Debug|x64
		{22FBC43D-2930-436D-A0AE-156B6E2AC773}.Debug|x64.Build.0 = Debug|x64
		{22FBC43D-2930-436D-A0AE-156B6E2AC773}.MinSizeRel|x64.ActiveCfg = MinSizeRel|x64
		{22FBC43D-2930-436D-A0AE-156B6E2AC773}.MinSizeRel|x64.Build.0 = MinSizeRel|x64
		{22FBC43D-2930-436D-A0AE-156B6E2AC773}.Release|x64.ActiveCfg = Release|x64
		{22FBC43D-2930-436D-A0AE-156B6E2AC773}.Release|x64.Build.0 = Release|x64
		{22FBC43D-2930-436D-A0AE-156B6E2AC773}.RelWithDebInfo|x64.ActiveCfg = RelWithDebInfo|x64
		{22FBC43D-2930-436D-A0AE-156B6E2AC773}.RelWithDebInfo|x64.Build.0 = RelWithDebInfo|x64
		{EDC125C0-A13F-4533-8ED8-5B1459FCD9BF}.Debug|x64.ActiveCfg = Debug|x64
		{EDC125C0-A13F-4533-8ED8-5B1459FCD9BF}.Debug|x64.Build.0 = Debug|x64
		{EDC125C0-A13F-4533-8ED8-5B1459FCD9BF}.MinSizeRel|x64.ActiveCfg = MinSizeRel|x64
		{EDC125C0-A13F-4533-8ED8-5B1459FCD9BF}.MinSizeRel|x64.Build.0 = MinSizeRel|x64
		{EDC125C0-A13F-4533-8ED8-5B1459FCD9BF}.Release|x64.ActiveCfg = Release|x64
		{EDC125C0-A13F-4533-8ED8-5B1459FCD9BF}.Release|x64.Build.0 = Release|x64
		{EDC125C0-A13F-4533-8ED8-5B1459FCD9BF}.RelWithDebInfo|x64.ActiveCfg = RelWithDebInfo|x64
		{EDC125C0-A13F-4533-8ED8-5B1459FCD9BF}.RelWithDebInfo|x64.Build.0 = RelWithDebInfo|x64
		{45867821-5E5F-4810-88ED-F6E107233E0A}.Debug|x64.ActiveCfg = Debug|x64
		{45867821-5E5F-4810-88ED-F6E107233E0A}.Debug|x64.Build.0 = Debug|x64
		{45867821-5E5F-4810-88ED-F6E107233E0A}.MinSizeRel|x64.ActiveCfg = MinSizeRel|x64
		{45867821-5E5F-4810-88ED-F6E107233E0A}.MinSizeRel|x64.Build.0 = MinSizeRel|x64
		{45867821-5E5F-4810-88ED-F6E107233E0A}.Release|x64.ActiveCfg = Release|x64
		{45867821-5E5F-4810-88ED-F6E107233E0A}.Release|x64.Build.0 = Release|x64
		{45867821-5E5F-4810-88ED-F6E107233E0A}.RelWithDebInfo|x64.ActiveCfg = RelWithDebInfo|x64
		{45867821-5E5F-4810-88ED-F6E107233E0A}.RelWithDebInfo|x64.Build.0 = RelWithDebInfo|x64
		{B6EB8F1F-0605-4344-943C-301D330B64EF}.Debug|x64.ActiveCfg = Debug|x64
		{B6EB8F1F-0605-4344-943C-301D330B64EF}.Debug|x64.Build.0 = Debug|x64
		{B6EB8F1F-0605-4344-943C-301D330B64EF}.MinSizeRel|x64.ActiveCfg = MinSizeRel|x64
		{B6EB8F1F-0605-4344-943C-301D330B64EF}.MinSizeRel|x64.Build.0 = MinSizeRel|x64
		{B6EB8F1F-0605-4344-943C-301D330B64EF}.Release|x64.ActiveCfg = Release|x64
		{B6EB8F1F-0605-4344-943C-301D330B64EF}.Release|x64.Build.0 = Release|x64
		{B6EB8F1F-0605-4344-943C-301D330B64EF}.RelWithDebInfo|x64.ActiveCfg = RelWithDebInfo|x64
		{B6EB8F1F-0605-4344-943C-301D330B64EF}.RelWithDebInfo|x64.Build.0 = RelWithDebInfo|x64
		{86A3827C-F512-440D-BF92-3BE61312C420}.Debug|x64.ActiveCfg = Debug|x64
		{86A3827C-F512-440D-BF92-3BE61312C420}.Debug|x64.Build.0 = Debug|x64
		{86A3827C-F512-440D-BF92-3BE61312C420}.MinSizeRel|x64.ActiveCfg = MinSizeRel|x64
		{86A3827C-F512-440D-BF92-3BE61312C420}.MinSizeRel|x64.Build.0 = MinSizeRel|x64
		{86A3827C-F512-440D-BF92-3BE61312C420}.Release|x64.ActiveCfg = Release|x64
		{86A3827C-F512-440D-BF92-3BE61312C420}.Release|x64.Build.0 = Release|x64
		{86A3827C-F512-440D-BF92-3BE61312C420}.RelWithDebInfo|x64.ActiveCfg = RelWithDebInfo|x64
		{86A3827C-F512-440D-BF92-3BE61312C420}.RelWithDebInfo|x64.Build.0 = RelWithDebInfo|x64
		{BB4BE98D-387C-45C6-AF98-E21217481D05}.Debug|x64.ActiveCfg = Debug|x64
		{BB4BE98D-387C-45C6-AF98-E21217481D05}.Debug|x64.Build.0 = Debug|x64
		{BB4BE98D-387C-45C6-AF98-E21217481D05}.MinSizeRel|x64.ActiveCfg = MinSizeRel|x64
		{BB4BE98D-387C-45C6-AF98-E21217481D05}.MinSizeRel|x64.Build.0 = MinSizeRel|x64
		{BB4BE98D-387C-45C6-AF98-E21217481D05}.Release|x64.ActiveCfg = Release|x64
		{BB4BE98D-387C-45C6-AF98-E21217481D05}.Release|x64.Build.0 = Release|x64
		{BB4BE98D-387C-45C6-AF98-E21217481D05}.RelWithDebInfo|x64.ActiveCfg = RelWithDebInfo|x64
		{BB4BE98D-387C-45C6-AF98-E21217481D05}.RelWithDebInfo|x64.Build.0 = RelWithDebInfo|x64
		{9B45BD40-98CF-4529-BBD5-CAED4277E83B}.Debug|x64.ActiveCfg = Debug|x64
		{9B45BD40-98CF-4529-BBD5-CAED4277E83B}.Debug|x64.Build.0 = Debug|x64
		{9B45BD40-98CF-4529-BBD5-CAED4277E83B}.MinSizeRel|x64.ActiveCfg = MinSizeRel|x64
		{9B45BD40-98CF-4529-BBD5-CAED4277E83B}.MinSizeRel|x64.Build.0 = MinSizeRel|x64
		{9B45BD40-98CF-4529-BBD5-CAED4277E83B}.Release|x64.ActiveCfg = Release|x64
		{9B45BD40-98CF-4529-BBD5-CAED4277E83B}.Release|x64.Build.0 = Release|x64
		{9B45BD40-98CF-4529-BBD5-CAED4277E83B}.RelWithDebInfo|x64.ActiveCfg = RelWithDebInfo|x64
		{9B45BD40-98CF-4529-BBD5-CAED4277E83B}.RelWithDebInfo|x64.Build.0 = RelWithDebInfo|x64
		{8F4B870D-5DA3-417A-A898-3BE4C0249209}.Debug|x64.ActiveCfg = Debug|x64
		{8F4B870D-5DA3-417A-A898-3BE4C0249209}.Debug|x64.Build.0 = Debug|x64
		{8F4B870D-5DA3-417A-A898-3BE4C0249209}.MinSizeRel|x64.ActiveCfg = MinSizeRel|x64
		{8F4B870D-5DA3-417A-A898-3BE4C0249209}.MinSizeRel|x64.Build.0 = MinSizeRel|x64
		{8F4B870D-5DA3-417A-A898-3BE4C0249209}.Release|x64.ActiveCfg = Release|x64
		{8F4B870D-5DA3-417A-A898-3BE4C0249209}.Release|x64.Build.0 = Release|x64
		{8F4B870D-5DA3-417A-A898-3BE4C0249209}.RelWithDebInfo|x64.ActiveCfg = RelWithDebInfo|x64
		{8F4B870D-5DA3-417A-A898-3BE4C0249209}.RelWithDebInfo|x64.Build.0 = RelWithDebInfo|x64
		{D73AF7FF-7775-445D-BB97-E02B6C6DEA8A}.Debug|x64.ActiveCfg = Debug|x64
		{D73AF7FF-7775-445D-BB97-E02B6C6DEA8A}.Debug|x64.Build.0 = Debug|x64
		{D73AF7FF-7775-445D-BB97-E02B6C6DEA8A}.MinSizeRel|x64.ActiveCfg = MinSizeRel|x64
		{D73AF7FF-7775-445D-BB97-E02B6C6DEA8A}.MinSizeRel|x64.Build.0 = MinSizeRel|x64
		{D73AF7FF-7775-445D-BB97-E02B6C6DEA8A}.Release|x64.ActiveCfg = Release|x64
		{D73AF7FF-7775-445D-BB97-E02B6C6DEA8A}.Release|x64.Build.0 = Release|x64
		{D73AF7FF-7775-445D-BB97-E02B6C6DEA8A}.RelWithDebInfo|x64.ActiveCfg = RelWithDebInfo|x64
		{D73AF7FF-7775-445D-BB97-E02B6C6DEA8A}.RelWithDebInfo|x64.Build.0 = RelWithDebInfo|x64
		{8B82300D-DE54-49A9-85AC-DF6735CE62A7}.Debug|x64.ActiveCfg = Debug|x64
		{8B82300D-DE54-49A9-85AC-DF6735CE62A7}.Debug|x64.Build.0 = Debug|x64
		{8B82300D-DE54-49A9-85AC-DF6735CE62A7}.MinSizeRel|x64.ActiveCfg = MinSizeRel|x64
		{8B82300D-DE54-49A9-85AC-DF6735CE62A7}.MinSizeRel|x64.Build.0 = MinSizeRel|x64
		{8B82300D-DE54-49A9-85AC-DF6735CE62A7}.Release|x64.ActiveCfg = Release|x64
		{8B82300D-DE54-49A9-85AC-DF6735CE62A7}.Release|x64.Build.0 = Release|x64
		{8B82300D-DE54-49A9-85AC-DF6735CE62A7}.RelWithDebInfo|x64.ActiveCfg = RelWithDebInfo|x64
		{8B82300D-DE54-49A9-85AC-DF6735CE62A7}.RelWithDebInfo|x64.Build.0 = RelWithDebInfo|x64
		{D6820970-3A36-40EF-A874-C25F19D3820E}.Debug|x64.ActiveCfg = Debug|x64
		{D6820970-3A36-40EF-A874-C25F19D3820E}.Debug|x64.Build.0 = Debug|x64
		{D6820970-3A36-40EF-A874-C25F19D3820E}.MinSizeRel|x64.ActiveCfg = MinSizeRel|x64
		{D6820970-3A36-40EF-A874-C25F19D3820E}.MinSizeRel|x64.Build.0 = MinSizeRel|x64
		{D6820970-3A36-40EF-A874-C25F19D3820E}.Release|x64.ActiveCfg = Release|x64
		{D6820970-3A36-40EF-A874-C25F19D3820E}.Release|x64.Build.0 = Release|x64
		{D6820970-3A36-40EF-A874-C25F19D3820E}.RelWithDebInfo|x64.ActiveCfg = RelWithDebInfo|x64
		{D6820970-3A36-40EF-A874-C25F19D3820E}.RelWithDebInfo|x64.Build.0 = RelWithDebInfo|x64
		{57D666F7-2F45-4ECB-B75A-D41F5C133B48}.Debug|x64.ActiveCfg = Debug|x64
		{57D666F7-2F45-4ECB-B75A-D41F5C133B48}.Debug|x64.Build.0 = Debug|x64
		{57D666F7-2F45-4ECB-B75A-D41F5C133B48}.MinSizeRel|x64.ActiveCfg = MinSizeRel|x64
		{57D666F7-2F45-4ECB-B75A-D41F5C133B48}.MinSizeRel|x64.Build.0 = MinSizeRel|x64
		{57D666F7-2F45-4ECB-B75A-D41F5C133B48}.Release|x64.ActiveCfg = Release|x64
		{57D666F7-2F45-4ECB-B75A-D41F5C133B48}.Release|x64.Build.0 = Release|x64
		{57D666F7-2F45-4ECB-B75A-D41F5C133B48}.RelWithDebInfo|x64.ActiveCfg = RelWithDebInfo|x64
		{57D666F7-2F45-4ECB-B75A-D41F5C133B48}.RelWithDebInfo|x64.Build.0 = RelWithDebInfo|x64
		{3D89FF9D-742E-498A-8FB1-E52696C229C9}.Debug|x64.ActiveCfg = Debug|x64
		{3D89FF9D-742E-498A-8FB1-E52696C229C9}.Debug|x64.Build.0 = Debug|x64
		{3D89FF9D-742E-498A-8FB1-E52696C229C9}.MinSizeRel|x64.ActiveCfg = MinSizeRel|x64
		{3D89FF9D-742E-498A-8FB1-E52696C229C9}.MinSizeRel|x64.Build.0 = MinSizeRel|x64
		{3D89FF9D-742E-498A-8FB1-E52696C229C9}.Release|x64.ActiveCfg = Release|x64
		{3D89FF9D-742E-498A-8FB1-E52696C229C9}.Release|x64.Build.0 = Release|x64
		{3D89FF9D-742E-498A-8FB1-E52696C229C9}.RelWithDebInfo|x64.ActiveCfg = RelWithDebInfo|x64
		{3D89FF9D-742E-498A-8FB1-E52696C229C9}.RelWithDebInfo|x64.Build.0 = RelWithDebInfo|x64
		{5B7D7F14-0C87-45A2-8A94-B9AD5BAAD255}.Debug|x64.ActiveCfg = Debug|x64
		{5B7D7F14-0C87-45A2-8A94-B9AD5BAAD255}.Debug|x64.Build.0 = Debug|x64
		{5B7D7F14-0C87-45A2-8A94-B9AD5BAAD255}.MinSizeRel|x64.ActiveCfg = MinSizeRel|x64
		{5B7D7F14-0C87-45A2-8A94-B9AD5BAAD255}.MinSizeRel|x64.Build.0 = MinSizeRel|x64
		{5B7D7F14-0C87-45A2-8A94-B9AD5BAAD255}.Release|x64.ActiveCfg = Release|x64
		{5B7D7F14-0C87-45A2-8A94-B9AD5BAAD255}.Release|x64.Build.0 = Release|x64
		{5B7D7F14-0C87-45A2-8A94-B9AD5BAAD255}.RelWithDebInfo|x64.ActiveCfg = RelWithDebInfo|x64
		{5B7D7F14-0C87-45A2-8A94-B9AD5BAAD255}.RelWithDebInfo|x64.Build.0 = RelWithDebInfo|x64
		{7E3D9871-944E-4BD1-84A7-9C09F41CB112}.Debug|x64.ActiveCfg = Debug|x64
		{7E3D9871-944E-4BD1-84A7-9C09F41CB112}.Debug|x64.Build.0 = Debug|x64
		{7E3D9871-944E-4BD1-84A7-9C09F41CB112}.MinSizeRel|x64.ActiveCfg = MinSizeRel|x64
		{7E3D9871-944E-4BD1-84A7-9C09F41CB112}.MinSizeRel|x64.Build.0 = MinSizeRel|x64
		{7E3D9871-944E-4BD1-84A7-9C09F41CB112}.Release|x64.ActiveCfg = Release|x64
		{7E3D9871-944E-4BD1-84A7-9C09F41CB112}.Release|x64.Build.0 = Release|x64
		{7E3D9871-944E-4BD1-84A7-9C09F41CB112}.RelWithDebInfo|x64.ActiveCfg = RelWithDebInfo|x64
		{7E3D9871-944E-4BD1-84A7-9C09F41CB112}.RelWithDebInfo|x64.Build.0 = RelWithDebInfo|x64
	EndGlobalSection
	GlobalSection(SolutionProperties) = preSolution
		HideSolutionNode = FALSE
	EndGlobalSection
EndGlobal
