Microsoft Visual Studio Solution File, Format Version 12.00
# Visual Studio 2013
VisualStudioVersion = 12.0.30324.0
MinimumVisualStudioVersion = 10.0.40219.1
Project("{8BC9CEB8-8B4A-11D0-8D11-00A0C91BC942}") = "Detour", "VC120\Detour.vcxproj", "{22FBC43D-2930-436D-A0AE-156B6E2AC773}"
	ProjectSection(ProjectDependencies) = postProject
		{7E3D9871-944E-4BD1-84A7-9C09F41CB112} = {7E3D9871-944E-4BD1-84A7-9C09F41CB112}
	EndProjectSection
EndProject
Project("{8BC9CEB8-8B4A-11D0-8D11-00A0C91BC942}") = "Recast", "VC120\Recast.vcxproj", "{EDC125C0-A13F-4533-8ED8-5B1459FCD9BF}"
	ProjectSection(ProjectDependencies) = postProject
		{7E3D9871-944E-4BD1-84A7-9C09F41CB112} = {7E3D9871-944E-4BD1-84A7-9C09F41CB112}
	EndProjectSection
EndProject
Project("{8BC9CEB8-8B4A-11D0-8D11-00A0C91BC942}") = "ace", "VC120\ace.vcxproj", "{45867821-5E5F-4810-88ED-F6E107233E0A}"
EndProject
Project("{8BC9CEB8-8B4A-11D0-8D11-00A0C91BC942}") = "bzip2", "VC120\bzip2.vcxproj", "{86A3827C-F512-440D-BF92-3BE61312C420}"
EndProject
Project("{8BC9CEB8-8B4A-11D0-8D11-00A0C91BC942}") = "collision", "VC120\collision.vcxproj", "{BB4BE98D-387C-45C6-AF98-E21217481D05}"
	ProjectSection(ProjectDependencies) = postProject
		{45867821-5E5F-4810-88ED-F6E107233E0A} = {45867821-5E5F-4810-88ED-F6E107233E0A}
		{57D666F7-2F45-4ECB-B75A-D41F5C133B48} = {57D666F7-2F45-4ECB-B75A-D41F5C133B48}
	EndProjectSection
EndProject
Project("{8BC9CEB8-8B4A-11D0-8D11-00A0C91BC942}") = "g3dlib", "VC120\g3dlib.vcxproj", "{9B45BD40-98CF-4529-BBD5-CAED4277E83B}"
	ProjectSection(ProjectDependencies) = postProject
		{7E3D9871-944E-4BD1-84A7-9C09F41CB112} = {7E3D9871-944E-4BD1-84A7-9C09F41CB112}
	EndProjectSection
EndProject
Project("{8BC9CEB8-8B4A-11D0-8D11-00A0C91BC942}") = "mapextractor", "VC120\mapextractor.vcxproj", "{6A41DC7A-63D8-4FC6-A9E3-7D85F4793420}"
	ProjectSection(ProjectDependencies) = postProject
		{86A3827C-F512-440D-BF92-3BE61312C420} = {86A3827C-F512-440D-BF92-3BE61312C420}
		{3D89FF9D-742E-498A-8FB1-E52696C229C9} = {3D89FF9D-742E-498A-8FB1-E52696C229C9}
		{7E3D9871-944E-4BD1-84A7-9C09F41CB112} = {7E3D9871-944E-4BD1-84A7-9C09F41CB112}
	EndProjectSection
EndProject
Project("{8BC9CEB8-8B4A-11D0-8D11-00A0C91BC942}") = "mmaps_generator", "VC120\mmaps_generator.vcxproj", "{7D31F74D-8C3B-46D2-A50C-0B17AA753BBF}"
	ProjectSection(ProjectDependencies) = postProject
		{22FBC43D-2930-436D-A0AE-156B6E2AC773} = {22FBC43D-2930-436D-A0AE-156B6E2AC773}
		{EDC125C0-A13F-4533-8ED8-5B1459FCD9BF} = {EDC125C0-A13F-4533-8ED8-5B1459FCD9BF}
		{45867821-5E5F-4810-88ED-F6E107233E0A} = {45867821-5E5F-4810-88ED-F6E107233E0A}
		{86A3827C-F512-440D-BF92-3BE61312C420} = {86A3827C-F512-440D-BF92-3BE61312C420}
		{BB4BE98D-387C-45C6-AF98-E21217481D05} = {BB4BE98D-387C-45C6-AF98-E21217481D05}
		{9B45BD40-98CF-4529-BBD5-CAED4277E83B} = {9B45BD40-98CF-4529-BBD5-CAED4277E83B}
		{57D666F7-2F45-4ECB-B75A-D41F5C133B48} = {57D666F7-2F45-4ECB-B75A-D41F5C133B48}
		{7E3D9871-944E-4BD1-84A7-9C09F41CB112} = {7E3D9871-944E-4BD1-84A7-9C09F41CB112}
	EndProjectSection
EndProject
Project("{8BC9CEB8-8B4A-11D0-8D11-00A0C91BC942}") = "shared", "VC120\shared.vcxproj", "{57D666F7-2F45-4ECB-B75A-D41F5C133B48}"
	ProjectSection(ProjectDependencies) = postProject
		{45867821-5E5F-4810-88ED-F6E107233E0A} = {45867821-5E5F-4810-88ED-F6E107233E0A}
	EndProjectSection
EndProject
Project("{8BC9CEB8-8B4A-11D0-8D11-00A0C91BC942}") = "StormLib", "VC120\StormLib.vcxproj", "{3D89FF9D-742E-498A-8FB1-E52696C229C9}"
EndProject
Project("{8BC9CEB8-8B4A-11D0-8D11-00A0C91BC942}") = "vmap4assembler", "VC120\vmap4assembler.vcxproj", "{37D16559-BA4C-4310-B494-2D42E78E0A3F}"
	ProjectSection(ProjectDependencies) = postProject
		{45867821-5E5F-4810-88ED-F6E107233E0A} = {45867821-5E5F-4810-88ED-F6E107233E0A}
		{BB4BE98D-387C-45C6-AF98-E21217481D05} = {BB4BE98D-387C-45C6-AF98-E21217481D05}
		{9B45BD40-98CF-4529-BBD5-CAED4277E83B} = {9B45BD40-98CF-4529-BBD5-CAED4277E83B}
		{57D666F7-2F45-4ECB-B75A-D41F5C133B48} = {57D666F7-2F45-4ECB-B75A-D41F5C133B48}
		{3D89FF9D-742E-498A-8FB1-E52696C229C9} = {3D89FF9D-742E-498A-8FB1-E52696C229C9}
		{7E3D9871-944E-4BD1-84A7-9C09F41CB112} = {7E3D9871-944E-4BD1-84A7-9C09F41CB112}
	EndProjectSection
EndProject
Project("{8BC9CEB8-8B4A-11D0-8D11-00A0C91BC942}") = "vmap4extractor", "VC120\vmap4extractor.vcxproj", "{DC3EB27C-13B7-4CBF-BDB5-DB44E7BB2147}"
	ProjectSection(ProjectDependencies) = postProject
		{86A3827C-F512-440D-BF92-3BE61312C420} = {86A3827C-F512-440D-BF92-3BE61312C420}
		{3D89FF9D-742E-498A-8FB1-E52696C229C9} = {3D89FF9D-742E-498A-8FB1-E52696C229C9}
		{7E3D9871-944E-4BD1-84A7-9C09F41CB112} = {7E3D9871-944E-4BD1-84A7-9C09F41CB112}
	EndProjectSection
EndProject
Project("{8BC9CEB8-8B4A-11D0-8D11-00A0C91BC942}") = "zlib", "VC120\zlib.vcxproj", "{7E3D9871-944E-4BD1-84A7-9C09F41CB112}"
EndProject
Global
	GlobalSection(SolutionConfigurationPlatforms) = preSolution
		Debug|Mixed Platforms = Debug|Mixed Platforms
		Debug|Win32 = Debug|Win32
		Debug|x64 = Debug|x64
		MinSizeRel|Mixed Platforms = MinSizeRel|Mixed Platforms
		MinSizeRel|Win32 = MinSizeRel|Win32
		MinSizeRel|x64 = MinSizeRel|x64
		Release|Mixed Platforms = Release|Mixed Platforms
		Release|Win32 = Release|Win32
		Release|x64 = Release|x64
		RelWithDebInfo|Mixed Platforms = RelWithDebInfo|Mixed Platforms
		RelWithDebInfo|Win32 = RelWithDebInfo|Win32
		RelWithDebInfo|x64 = RelWithDebInfo|x64
	EndGlobalSection
	GlobalSection(ProjectConfigurationPlatforms) = postSolution
		{22FBC43D-2930-436D-A0AE-156B6E2AC773}.Debug|Mixed Platforms.ActiveCfg = Debug|x64
		{22FBC43D-2930-436D-A0AE-156B6E2AC773}.Debug|Mixed Platforms.Build.0 = Debug|x64
		{22FBC43D-2930-436D-A0AE-156B6E2AC773}.Debug|Win32.ActiveCfg = Debug|x64
		{22FBC43D-2930-436D-A0AE-156B6E2AC773}.Debug|x64.ActiveCfg = Debug|x64
		{22FBC43D-2930-436D-A0AE-156B6E2AC773}.Debug|x64.Build.0 = Debug|x64
		{22FBC43D-2930-436D-A0AE-156B6E2AC773}.MinSizeRel|Mixed Platforms.ActiveCfg = MinSizeRel|x64
		{22FBC43D-2930-436D-A0AE-156B6E2AC773}.MinSizeRel|Mixed Platforms.Build.0 = MinSizeRel|x64
		{22FBC43D-2930-436D-A0AE-156B6E2AC773}.MinSizeRel|Win32.ActiveCfg = MinSizeRel|x64
		{22FBC43D-2930-436D-A0AE-156B6E2AC773}.MinSizeRel|x64.ActiveCfg = MinSizeRel|x64
		{22FBC43D-2930-436D-A0AE-156B6E2AC773}.MinSizeRel|x64.Build.0 = MinSizeRel|x64
		{22FBC43D-2930-436D-A0AE-156B6E2AC773}.Release|Mixed Platforms.ActiveCfg = Release|x64
		{22FBC43D-2930-436D-A0AE-156B6E2AC773}.Release|Mixed Platforms.Build.0 = Release|x64
		{22FBC43D-2930-436D-A0AE-156B6E2AC773}.Release|Win32.ActiveCfg = Release|x64
		{22FBC43D-2930-436D-A0AE-156B6E2AC773}.Release|x64.ActiveCfg = Release|x64
		{22FBC43D-2930-436D-A0AE-156B6E2AC773}.Release|x64.Build.0 = Release|x64
		{22FBC43D-2930-436D-A0AE-156B6E2AC773}.RelWithDebInfo|Mixed Platforms.ActiveCfg = RelWithDebInfo|x64
		{22FBC43D-2930-436D-A0AE-156B6E2AC773}.RelWithDebInfo|Mixed Platforms.Build.0 = RelWithDebInfo|x64
		{22FBC43D-2930-436D-A0AE-156B6E2AC773}.RelWithDebInfo|Win32.ActiveCfg = RelWithDebInfo|x64
		{22FBC43D-2930-436D-A0AE-156B6E2AC773}.RelWithDebInfo|x64.ActiveCfg = RelWithDebInfo|x64
		{22FBC43D-2930-436D-A0AE-156B6E2AC773}.RelWithDebInfo|x64.Build.0 = RelWithDebInfo|x64
		{EDC125C0-A13F-4533-8ED8-5B1459FCD9BF}.Debug|Mixed Platforms.ActiveCfg = Debug|x64
		{EDC125C0-A13F-4533-8ED8-5B1459FCD9BF}.Debug|Mixed Platforms.Build.0 = Debug|x64
		{EDC125C0-A13F-4533-8ED8-5B1459FCD9BF}.Debug|Win32.ActiveCfg = Debug|x64
		{EDC125C0-A13F-4533-8ED8-5B1459FCD9BF}.Debug|x64.ActiveCfg = Debug|x64
		{EDC125C0-A13F-4533-8ED8-5B1459FCD9BF}.Debug|x64.Build.0 = Debug|x64
		{EDC125C0-A13F-4533-8ED8-5B1459FCD9BF}.MinSizeRel|Mixed Platforms.ActiveCfg = MinSizeRel|x64
		{EDC125C0-A13F-4533-8ED8-5B1459FCD9BF}.MinSizeRel|Mixed Platforms.Build.0 = MinSizeRel|x64
		{EDC125C0-A13F-4533-8ED8-5B1459FCD9BF}.MinSizeRel|Win32.ActiveCfg = MinSizeRel|x64
		{EDC125C0-A13F-4533-8ED8-5B1459FCD9BF}.MinSizeRel|x64.ActiveCfg = MinSizeRel|x64
		{EDC125C0-A13F-4533-8ED8-5B1459FCD9BF}.MinSizeRel|x64.Build.0 = MinSizeRel|x64
		{EDC125C0-A13F-4533-8ED8-5B1459FCD9BF}.Release|Mixed Platforms.ActiveCfg = Release|x64
		{EDC125C0-A13F-4533-8ED8-5B1459FCD9BF}.Release|Mixed Platforms.Build.0 = Release|x64
		{EDC125C0-A13F-4533-8ED8-5B1459FCD9BF}.Release|Win32.ActiveCfg = Release|x64
		{EDC125C0-A13F-4533-8ED8-5B1459FCD9BF}.Release|x64.ActiveCfg = Release|x64
		{EDC125C0-A13F-4533-8ED8-5B1459FCD9BF}.Release|x64.Build.0 = Release|x64
		{EDC125C0-A13F-4533-8ED8-5B1459FCD9BF}.RelWithDebInfo|Mixed Platforms.ActiveCfg = RelWithDebInfo|x64
		{EDC125C0-A13F-4533-8ED8-5B1459FCD9BF}.RelWithDebInfo|Mixed Platforms.Build.0 = RelWithDebInfo|x64
		{EDC125C0-A13F-4533-8ED8-5B1459FCD9BF}.RelWithDebInfo|Win32.ActiveCfg = RelWithDebInfo|x64
		{EDC125C0-A13F-4533-8ED8-5B1459FCD9BF}.RelWithDebInfo|x64.ActiveCfg = RelWithDebInfo|x64
		{EDC125C0-A13F-4533-8ED8-5B1459FCD9BF}.RelWithDebInfo|x64.Build.0 = RelWithDebInfo|x64
		{45867821-5E5F-4810-88ED-F6E107233E0A}.Debug|Mixed Platforms.ActiveCfg = Debug|x64
		{45867821-5E5F-4810-88ED-F6E107233E0A}.Debug|Mixed Platforms.Build.0 = Debug|x64
		{45867821-5E5F-4810-88ED-F6E107233E0A}.Debug|Win32.ActiveCfg = Debug|x64
		{45867821-5E5F-4810-88ED-F6E107233E0A}.Debug|x64.ActiveCfg = Debug|x64
		{45867821-5E5F-4810-88ED-F6E107233E0A}.Debug|x64.Build.0 = Debug|x64
		{45867821-5E5F-4810-88ED-F6E107233E0A}.MinSizeRel|Mixed Platforms.ActiveCfg = MinSizeRel|x64
		{45867821-5E5F-4810-88ED-F6E107233E0A}.MinSizeRel|Mixed Platforms.Build.0 = MinSizeRel|x64
		{45867821-5E5F-4810-88ED-F6E107233E0A}.MinSizeRel|Win32.ActiveCfg = MinSizeRel|x64
		{45867821-5E5F-4810-88ED-F6E107233E0A}.MinSizeRel|x64.ActiveCfg = MinSizeRel|x64
		{45867821-5E5F-4810-88ED-F6E107233E0A}.MinSizeRel|x64.Build.0 = MinSizeRel|x64
		{45867821-5E5F-4810-88ED-F6E107233E0A}.Release|Mixed Platforms.ActiveCfg = Release|x64
		{45867821-5E5F-4810-88ED-F6E107233E0A}.Release|Mixed Platforms.Build.0 = Release|x64
		{45867821-5E5F-4810-88ED-F6E107233E0A}.Release|Win32.ActiveCfg = Release|x64
		{45867821-5E5F-4810-88ED-F6E107233E0A}.Release|x64.ActiveCfg = Release|x64
		{45867821-5E5F-4810-88ED-F6E107233E0A}.Release|x64.Build.0 = Release|x64
		{45867821-5E5F-4810-88ED-F6E107233E0A}.RelWithDebInfo|Mixed Platforms.ActiveCfg = RelWithDebInfo|x64
		{45867821-5E5F-4810-88ED-F6E107233E0A}.RelWithDebInfo|Mixed Platforms.Build.0 = RelWithDebInfo|x64
		{45867821-5E5F-4810-88ED-F6E107233E0A}.RelWithDebInfo|Win32.ActiveCfg = RelWithDebInfo|x64
		{45867821-5E5F-4810-88ED-F6E107233E0A}.RelWithDebInfo|x64.ActiveCfg = RelWithDebInfo|x64
		{45867821-5E5F-4810-88ED-F6E107233E0A}.RelWithDebInfo|x64.Build.0 = RelWithDebInfo|x64
		{86A3827C-F512-440D-BF92-3BE61312C420}.Debug|Mixed Platforms.ActiveCfg = Debug|x64
		{86A3827C-F512-440D-BF92-3BE61312C420}.Debug|Mixed Platforms.Build.0 = Debug|x64
		{86A3827C-F512-440D-BF92-3BE61312C420}.Debug|Win32.ActiveCfg = Debug|x64
		{86A3827C-F512-440D-BF92-3BE61312C420}.Debug|x64.ActiveCfg = Debug|x64
		{86A3827C-F512-440D-BF92-3BE61312C420}.Debug|x64.Build.0 = Debug|x64
		{86A3827C-F512-440D-BF92-3BE61312C420}.MinSizeRel|Mixed Platforms.ActiveCfg = MinSizeRel|x64
		{86A3827C-F512-440D-BF92-3BE61312C420}.MinSizeRel|Mixed Platforms.Build.0 = MinSizeRel|x64
		{86A3827C-F512-440D-BF92-3BE61312C420}.MinSizeRel|Win32.ActiveCfg = MinSizeRel|x64
		{86A3827C-F512-440D-BF92-3BE61312C420}.MinSizeRel|x64.ActiveCfg = MinSizeRel|x64
		{86A3827C-F512-440D-BF92-3BE61312C420}.MinSizeRel|x64.Build.0 = MinSizeRel|x64
		{86A3827C-F512-440D-BF92-3BE61312C420}.Release|Mixed Platforms.ActiveCfg = Release|x64
		{86A3827C-F512-440D-BF92-3BE61312C420}.Release|Mixed Platforms.Build.0 = Release|x64
		{86A3827C-F512-440D-BF92-3BE61312C420}.Release|Win32.ActiveCfg = Release|x64
		{86A3827C-F512-440D-BF92-3BE61312C420}.Release|x64.ActiveCfg = Release|x64
		{86A3827C-F512-440D-BF92-3BE61312C420}.Release|x64.Build.0 = Release|x64
		{86A3827C-F512-440D-BF92-3BE61312C420}.RelWithDebInfo|Mixed Platforms.ActiveCfg = RelWithDebInfo|x64
		{86A3827C-F512-440D-BF92-3BE61312C420}.RelWithDebInfo|Mixed Platforms.Build.0 = RelWithDebInfo|x64
		{86A3827C-F512-440D-BF92-3BE61312C420}.RelWithDebInfo|Win32.ActiveCfg = RelWithDebInfo|x64
		{86A3827C-F512-440D-BF92-3BE61312C420}.RelWithDebInfo|x64.ActiveCfg = RelWithDebInfo|x64
		{86A3827C-F512-440D-BF92-3BE61312C420}.RelWithDebInfo|x64.Build.0 = RelWithDebInfo|x64
		{BB4BE98D-387C-45C6-AF98-E21217481D05}.Debug|Mixed Platforms.ActiveCfg = Debug|x64
		{BB4BE98D-387C-45C6-AF98-E21217481D05}.Debug|Mixed Platforms.Build.0 = Debug|x64
		{BB4BE98D-387C-45C6-AF98-E21217481D05}.Debug|Win32.ActiveCfg = Debug|x64
		{BB4BE98D-387C-45C6-AF98-E21217481D05}.Debug|x64.ActiveCfg = Debug|x64
		{BB4BE98D-387C-45C6-AF98-E21217481D05}.Debug|x64.Build.0 = Debug|x64
		{BB4BE98D-387C-45C6-AF98-E21217481D05}.MinSizeRel|Mixed Platforms.ActiveCfg = MinSizeRel|x64
		{BB4BE98D-387C-45C6-AF98-E21217481D05}.MinSizeRel|Mixed Platforms.Build.0 = MinSizeRel|x64
		{BB4BE98D-387C-45C6-AF98-E21217481D05}.MinSizeRel|Win32.ActiveCfg = MinSizeRel|x64
		{BB4BE98D-387C-45C6-AF98-E21217481D05}.MinSizeRel|x64.ActiveCfg = MinSizeRel|x64
		{BB4BE98D-387C-45C6-AF98-E21217481D05}.MinSizeRel|x64.Build.0 = MinSizeRel|x64
		{BB4BE98D-387C-45C6-AF98-E21217481D05}.Release|Mixed Platforms.ActiveCfg = Release|x64
		{BB4BE98D-387C-45C6-AF98-E21217481D05}.Release|Mixed Platforms.Build.0 = Release|x64
		{BB4BE98D-387C-45C6-AF98-E21217481D05}.Release|Win32.ActiveCfg = Release|x64
		{BB4BE98D-387C-45C6-AF98-E21217481D05}.Release|x64.ActiveCfg = Release|x64
		{BB4BE98D-387C-45C6-AF98-E21217481D05}.Release|x64.Build.0 = Release|x64
		{BB4BE98D-387C-45C6-AF98-E21217481D05}.RelWithDebInfo|Mixed Platforms.ActiveCfg = RelWithDebInfo|x64
		{BB4BE98D-387C-45C6-AF98-E21217481D05}.RelWithDebInfo|Mixed Platforms.Build.0 = RelWithDebInfo|x64
		{BB4BE98D-387C-45C6-AF98-E21217481D05}.RelWithDebInfo|Win32.ActiveCfg = RelWithDebInfo|x64
		{BB4BE98D-387C-45C6-AF98-E21217481D05}.RelWithDebInfo|x64.ActiveCfg = RelWithDebInfo|x64
		{BB4BE98D-387C-45C6-AF98-E21217481D05}.RelWithDebInfo|x64.Build.0 = RelWithDebInfo|x64
		{9B45BD40-98CF-4529-BBD5-CAED4277E83B}.Debug|Mixed Platforms.ActiveCfg = Debug|x64
		{9B45BD40-98CF-4529-BBD5-CAED4277E83B}.Debug|Mixed Platforms.Build.0 = Debug|x64
		{9B45BD40-98CF-4529-BBD5-CAED4277E83B}.Debug|Win32.ActiveCfg = Debug|x64
		{9B45BD40-98CF-4529-BBD5-CAED4277E83B}.Debug|x64.ActiveCfg = Debug|x64
		{9B45BD40-98CF-4529-BBD5-CAED4277E83B}.Debug|x64.Build.0 = Debug|x64
		{9B45BD40-98CF-4529-BBD5-CAED4277E83B}.MinSizeRel|Mixed Platforms.ActiveCfg = MinSizeRel|x64
		{9B45BD40-98CF-4529-BBD5-CAED4277E83B}.MinSizeRel|Mixed Platforms.Build.0 = MinSizeRel|x64
		{9B45BD40-98CF-4529-BBD5-CAED4277E83B}.MinSizeRel|Win32.ActiveCfg = MinSizeRel|x64
		{9B45BD40-98CF-4529-BBD5-CAED4277E83B}.MinSizeRel|x64.ActiveCfg = MinSizeRel|x64
		{9B45BD40-98CF-4529-BBD5-CAED4277E83B}.MinSizeRel|x64.Build.0 = MinSizeRel|x64
		{9B45BD40-98CF-4529-BBD5-CAED4277E83B}.Release|Mixed Platforms.ActiveCfg = Release|x64
		{9B45BD40-98CF-4529-BBD5-CAED4277E83B}.Release|Mixed Platforms.Build.0 = Release|x64
		{9B45BD40-98CF-4529-BBD5-CAED4277E83B}.Release|Win32.ActiveCfg = Release|x64
		{9B45BD40-98CF-4529-BBD5-CAED4277E83B}.Release|x64.ActiveCfg = Release|x64
		{9B45BD40-98CF-4529-BBD5-CAED4277E83B}.Release|x64.Build.0 = Release|x64
		{9B45BD40-98CF-4529-BBD5-CAED4277E83B}.RelWithDebInfo|Mixed Platforms.ActiveCfg = RelWithDebInfo|x64
		{9B45BD40-98CF-4529-BBD5-CAED4277E83B}.RelWithDebInfo|Mixed Platforms.Build.0 = RelWithDebInfo|x64
		{9B45BD40-98CF-4529-BBD5-CAED4277E83B}.RelWithDebInfo|Win32.ActiveCfg = RelWithDebInfo|x64
		{9B45BD40-98CF-4529-BBD5-CAED4277E83B}.RelWithDebInfo|x64.ActiveCfg = RelWithDebInfo|x64
		{9B45BD40-98CF-4529-BBD5-CAED4277E83B}.RelWithDebInfo|x64.Build.0 = RelWithDebInfo|x64
		{6A41DC7A-63D8-4FC6-A9E3-7D85F4793420}.Debug|Mixed Platforms.ActiveCfg = Debug|x64
		{6A41DC7A-63D8-4FC6-A9E3-7D85F4793420}.Debug|Mixed Platforms.Build.0 = Debug|x64
		{6A41DC7A-63D8-4FC6-A9E3-7D85F4793420}.Debug|Win32.ActiveCfg = Debug|x64
		{6A41DC7A-63D8-4FC6-A9E3-7D85F4793420}.Debug|x64.ActiveCfg = Debug|x64
		{6A41DC7A-63D8-4FC6-A9E3-7D85F4793420}.Debug|x64.Build.0 = Debug|x64
		{6A41DC7A-63D8-4FC6-A9E3-7D85F4793420}.MinSizeRel|Mixed Platforms.ActiveCfg = MinSizeRel|x64
		{6A41DC7A-63D8-4FC6-A9E3-7D85F4793420}.MinSizeRel|Mixed Platforms.Build.0 = MinSizeRel|x64
		{6A41DC7A-63D8-4FC6-A9E3-7D85F4793420}.MinSizeRel|Win32.ActiveCfg = MinSizeRel|x64
		{6A41DC7A-63D8-4FC6-A9E3-7D85F4793420}.MinSizeRel|x64.ActiveCfg = MinSizeRel|x64
		{6A41DC7A-63D8-4FC6-A9E3-7D85F4793420}.MinSizeRel|x64.Build.0 = MinSizeRel|x64
		{6A41DC7A-63D8-4FC6-A9E3-7D85F4793420}.Release|Mixed Platforms.ActiveCfg = Release|x64
		{6A41DC7A-63D8-4FC6-A9E3-7D85F4793420}.Release|Mixed Platforms.Build.0 = Release|x64
		{6A41DC7A-63D8-4FC6-A9E3-7D85F4793420}.Release|Win32.ActiveCfg = Release|x64
		{6A41DC7A-63D8-4FC6-A9E3-7D85F4793420}.Release|x64.ActiveCfg = Release|x64
		{6A41DC7A-63D8-4FC6-A9E3-7D85F4793420}.Release|x64.Build.0 = Release|x64
		{6A41DC7A-63D8-4FC6-A9E3-7D85F4793420}.RelWithDebInfo|Mixed Platforms.ActiveCfg = RelWithDebInfo|x64
		{6A41DC7A-63D8-4FC6-A9E3-7D85F4793420}.RelWithDebInfo|Mixed Platforms.Build.0 = RelWithDebInfo|x64
		{6A41DC7A-63D8-4FC6-A9E3-7D85F4793420}.RelWithDebInfo|Win32.ActiveCfg = RelWithDebInfo|x64
		{6A41DC7A-63D8-4FC6-A9E3-7D85F4793420}.RelWithDebInfo|x64.ActiveCfg = RelWithDebInfo|x64
		{6A41DC7A-63D8-4FC6-A9E3-7D85F4793420}.RelWithDebInfo|x64.Build.0 = RelWithDebInfo|x64
		{7D31F74D-8C3B-46D2-A50C-0B17AA753BBF}.Debug|Mixed Platforms.ActiveCfg = Debug|x64
		{7D31F74D-8C3B-46D2-A50C-0B17AA753BBF}.Debug|Mixed Platforms.Build.0 = Debug|x64
		{7D31F74D-8C3B-46D2-A50C-0B17AA753BBF}.Debug|Win32.ActiveCfg = Debug|x64
		{7D31F74D-8C3B-46D2-A50C-0B17AA753BBF}.Debug|x64.ActiveCfg = Debug|x64
		{7D31F74D-8C3B-46D2-A50C-0B17AA753BBF}.Debug|x64.Build.0 = Debug|x64
		{7D31F74D-8C3B-46D2-A50C-0B17AA753BBF}.MinSizeRel|Mixed Platforms.ActiveCfg = MinSizeRel|x64
		{7D31F74D-8C3B-46D2-A50C-0B17AA753BBF}.MinSizeRel|Mixed Platforms.Build.0 = MinSizeRel|x64
		{7D31F74D-8C3B-46D2-A50C-0B17AA753BBF}.MinSizeRel|Win32.ActiveCfg = MinSizeRel|x64
		{7D31F74D-8C3B-46D2-A50C-0B17AA753BBF}.MinSizeRel|x64.ActiveCfg = MinSizeRel|x64
		{7D31F74D-8C3B-46D2-A50C-0B17AA753BBF}.MinSizeRel|x64.Build.0 = MinSizeRel|x64
		{7D31F74D-8C3B-46D2-A50C-0B17AA753BBF}.Release|Mixed Platforms.ActiveCfg = Release|x64
		{7D31F74D-8C3B-46D2-A50C-0B17AA753BBF}.Release|Mixed Platforms.Build.0 = Release|x64
		{7D31F74D-8C3B-46D2-A50C-0B17AA753BBF}.Release|Win32.ActiveCfg = Release|x64
		{7D31F74D-8C3B-46D2-A50C-0B17AA753BBF}.Release|x64.ActiveCfg = Release|x64
		{7D31F74D-8C3B-46D2-A50C-0B17AA753BBF}.Release|x64.Build.0 = Release|x64
		{7D31F74D-8C3B-46D2-A50C-0B17AA753BBF}.RelWithDebInfo|Mixed Platforms.ActiveCfg = RelWithDebInfo|x64
		{7D31F74D-8C3B-46D2-A50C-0B17AA753BBF}.RelWithDebInfo|Mixed Platforms.Build.0 = RelWithDebInfo|x64
		{7D31F74D-8C3B-46D2-A50C-0B17AA753BBF}.RelWithDebInfo|Win32.ActiveCfg = RelWithDebInfo|x64
		{7D31F74D-8C3B-46D2-A50C-0B17AA753BBF}.RelWithDebInfo|x64.ActiveCfg = RelWithDebInfo|x64
		{7D31F74D-8C3B-46D2-A50C-0B17AA753BBF}.RelWithDebInfo|x64.Build.0 = RelWithDebInfo|x64
		{57D666F7-2F45-4ECB-B75A-D41F5C133B48}.Debug|Mixed Platforms.ActiveCfg = Debug|x64
		{57D666F7-2F45-4ECB-B75A-D41F5C133B48}.Debug|Mixed Platforms.Build.0 = Debug|x64
		{57D666F7-2F45-4ECB-B75A-D41F5C133B48}.Debug|Win32.ActiveCfg = Debug|x64
		{57D666F7-2F45-4ECB-B75A-D41F5C133B48}.Debug|x64.ActiveCfg = Debug|x64
		{57D666F7-2F45-4ECB-B75A-D41F5C133B48}.Debug|x64.Build.0 = Debug|x64
		{57D666F7-2F45-4ECB-B75A-D41F5C133B48}.MinSizeRel|Mixed Platforms.ActiveCfg = MinSizeRel|x64
		{57D666F7-2F45-4ECB-B75A-D41F5C133B48}.MinSizeRel|Mixed Platforms.Build.0 = MinSizeRel|x64
		{57D666F7-2F45-4ECB-B75A-D41F5C133B48}.MinSizeRel|Win32.ActiveCfg = MinSizeRel|x64
		{57D666F7-2F45-4ECB-B75A-D41F5C133B48}.MinSizeRel|x64.ActiveCfg = MinSizeRel|x64
		{57D666F7-2F45-4ECB-B75A-D41F5C133B48}.MinSizeRel|x64.Build.0 = MinSizeRel|x64
		{57D666F7-2F45-4ECB-B75A-D41F5C133B48}.Release|Mixed Platforms.ActiveCfg = Release|x64
		{57D666F7-2F45-4ECB-B75A-D41F5C133B48}.Release|Mixed Platforms.Build.0 = Release|x64
		{57D666F7-2F45-4ECB-B75A-D41F5C133B48}.Release|Win32.ActiveCfg = Release|x64
		{57D666F7-2F45-4ECB-B75A-D41F5C133B48}.Release|x64.ActiveCfg = Release|x64
		{57D666F7-2F45-4ECB-B75A-D41F5C133B48}.Release|x64.Build.0 = Release|x64
		{57D666F7-2F45-4ECB-B75A-D41F5C133B48}.RelWithDebInfo|Mixed Platforms.ActiveCfg = RelWithDebInfo|x64
		{57D666F7-2F45-4ECB-B75A-D41F5C133B48}.RelWithDebInfo|Mixed Platforms.Build.0 = RelWithDebInfo|x64
		{57D666F7-2F45-4ECB-B75A-D41F5C133B48}.RelWithDebInfo|Win32.ActiveCfg = RelWithDebInfo|x64
		{57D666F7-2F45-4ECB-B75A-D41F5C133B48}.RelWithDebInfo|x64.ActiveCfg = RelWithDebInfo|x64
		{57D666F7-2F45-4ECB-B75A-D41F5C133B48}.RelWithDebInfo|x64.Build.0 = RelWithDebInfo|x64
		{3D89FF9D-742E-498A-8FB1-E52696C229C9}.Debug|Mixed Platforms.ActiveCfg = Debug|x64
		{3D89FF9D-742E-498A-8FB1-E52696C229C9}.Debug|Mixed Platforms.Build.0 = Debug|x64
		{3D89FF9D-742E-498A-8FB1-E52696C229C9}.Debug|Win32.ActiveCfg = Debug|x64
		{3D89FF9D-742E-498A-8FB1-E52696C229C9}.Debug|x64.ActiveCfg = Debug|x64
		{3D89FF9D-742E-498A-8FB1-E52696C229C9}.Debug|x64.Build.0 = Debug|x64
		{3D89FF9D-742E-498A-8FB1-E52696C229C9}.MinSizeRel|Mixed Platforms.ActiveCfg = MinSizeRel|x64
		{3D89FF9D-742E-498A-8FB1-E52696C229C9}.MinSizeRel|Mixed Platforms.Build.0 = MinSizeRel|x64
		{3D89FF9D-742E-498A-8FB1-E52696C229C9}.MinSizeRel|Win32.ActiveCfg = MinSizeRel|x64
		{3D89FF9D-742E-498A-8FB1-E52696C229C9}.MinSizeRel|x64.ActiveCfg = MinSizeRel|x64
		{3D89FF9D-742E-498A-8FB1-E52696C229C9}.MinSizeRel|x64.Build.0 = MinSizeRel|x64
		{3D89FF9D-742E-498A-8FB1-E52696C229C9}.Release|Mixed Platforms.ActiveCfg = Release|x64
		{3D89FF9D-742E-498A-8FB1-E52696C229C9}.Release|Mixed Platforms.Build.0 = Release|x64
		{3D89FF9D-742E-498A-8FB1-E52696C229C9}.Release|Win32.ActiveCfg = Release|x64
		{3D89FF9D-742E-498A-8FB1-E52696C229C9}.Release|x64.ActiveCfg = Release|x64
		{3D89FF9D-742E-498A-8FB1-E52696C229C9}.Release|x64.Build.0 = Release|x64
		{3D89FF9D-742E-498A-8FB1-E52696C229C9}.RelWithDebInfo|Mixed Platforms.ActiveCfg = RelWithDebInfo|x64
		{3D89FF9D-742E-498A-8FB1-E52696C229C9}.RelWithDebInfo|Mixed Platforms.Build.0 = RelWithDebInfo|x64
		{3D89FF9D-742E-498A-8FB1-E52696C229C9}.RelWithDebInfo|Win32.ActiveCfg = RelWithDebInfo|x64
		{3D89FF9D-742E-498A-8FB1-E52696C229C9}.RelWithDebInfo|x64.ActiveCfg = RelWithDebInfo|x64
		{3D89FF9D-742E-498A-8FB1-E52696C229C9}.RelWithDebInfo|x64.Build.0 = RelWithDebInfo|x64
		{37D16559-BA4C-4310-B494-2D42E78E0A3F}.Debug|Mixed Platforms.ActiveCfg = Debug|x64
		{37D16559-BA4C-4310-B494-2D42E78E0A3F}.Debug|Mixed Platforms.Build.0 = Debug|x64
		{37D16559-BA4C-4310-B494-2D42E78E0A3F}.Debug|Win32.ActiveCfg = Debug|x64
		{37D16559-BA4C-4310-B494-2D42E78E0A3F}.Debug|x64.ActiveCfg = Debug|x64
		{37D16559-BA4C-4310-B494-2D42E78E0A3F}.Debug|x64.Build.0 = Debug|x64
		{37D16559-BA4C-4310-B494-2D42E78E0A3F}.MinSizeRel|Mixed Platforms.ActiveCfg = MinSizeRel|x64
		{37D16559-BA4C-4310-B494-2D42E78E0A3F}.MinSizeRel|Mixed Platforms.Build.0 = MinSizeRel|x64
		{37D16559-BA4C-4310-B494-2D42E78E0A3F}.MinSizeRel|Win32.ActiveCfg = MinSizeRel|x64
		{37D16559-BA4C-4310-B494-2D42E78E0A3F}.MinSizeRel|x64.ActiveCfg = MinSizeRel|x64
		{37D16559-BA4C-4310-B494-2D42E78E0A3F}.MinSizeRel|x64.Build.0 = MinSizeRel|x64
		{37D16559-BA4C-4310-B494-2D42E78E0A3F}.Release|Mixed Platforms.ActiveCfg = Release|x64
		{37D16559-BA4C-4310-B494-2D42E78E0A3F}.Release|Mixed Platforms.Build.0 = Release|x64
		{37D16559-BA4C-4310-B494-2D42E78E0A3F}.Release|Win32.ActiveCfg = Release|x64
		{37D16559-BA4C-4310-B494-2D42E78E0A3F}.Release|x64.ActiveCfg = Release|x64
		{37D16559-BA4C-4310-B494-2D42E78E0A3F}.Release|x64.Build.0 = Release|x64
		{37D16559-BA4C-4310-B494-2D42E78E0A3F}.RelWithDebInfo|Mixed Platforms.ActiveCfg = RelWithDebInfo|x64
		{37D16559-BA4C-4310-B494-2D42E78E0A3F}.RelWithDebInfo|Mixed Platforms.Build.0 = RelWithDebInfo|x64
		{37D16559-BA4C-4310-B494-2D42E78E0A3F}.RelWithDebInfo|Win32.ActiveCfg = RelWithDebInfo|x64
		{37D16559-BA4C-4310-B494-2D42E78E0A3F}.RelWithDebInfo|x64.ActiveCfg = RelWithDebInfo|x64
		{37D16559-BA4C-4310-B494-2D42E78E0A3F}.RelWithDebInfo|x64.Build.0 = RelWithDebInfo|x64
		{DC3EB27C-13B7-4CBF-BDB5-DB44E7BB2147}.Debug|Mixed Platforms.ActiveCfg = Debug|x64
		{DC3EB27C-13B7-4CBF-BDB5-DB44E7BB2147}.Debug|Mixed Platforms.Build.0 = Debug|x64
		{DC3EB27C-13B7-4CBF-BDB5-DB44E7BB2147}.Debug|Win32.ActiveCfg = Debug|x64
		{DC3EB27C-13B7-4CBF-BDB5-DB44E7BB2147}.Debug|x64.ActiveCfg = Debug|x64
		{DC3EB27C-13B7-4CBF-BDB5-DB44E7BB2147}.Debug|x64.Build.0 = Debug|x64
		{DC3EB27C-13B7-4CBF-BDB5-DB44E7BB2147}.MinSizeRel|Mixed Platforms.ActiveCfg = MinSizeRel|x64
		{DC3EB27C-13B7-4CBF-BDB5-DB44E7BB2147}.MinSizeRel|Mixed Platforms.Build.0 = MinSizeRel|x64
		{DC3EB27C-13B7-4CBF-BDB5-DB44E7BB2147}.MinSizeRel|Win32.ActiveCfg = MinSizeRel|x64
		{DC3EB27C-13B7-4CBF-BDB5-DB44E7BB2147}.MinSizeRel|x64.ActiveCfg = MinSizeRel|x64
		{DC3EB27C-13B7-4CBF-BDB5-DB44E7BB2147}.MinSizeRel|x64.Build.0 = MinSizeRel|x64
		{DC3EB27C-13B7-4CBF-BDB5-DB44E7BB2147}.Release|Mixed Platforms.ActiveCfg = Release|x64
		{DC3EB27C-13B7-4CBF-BDB5-DB44E7BB2147}.Release|Mixed Platforms.Build.0 = Release|x64
		{DC3EB27C-13B7-4CBF-BDB5-DB44E7BB2147}.Release|Win32.ActiveCfg = Release|x64
		{DC3EB27C-13B7-4CBF-BDB5-DB44E7BB2147}.Release|x64.ActiveCfg = Release|x64
		{DC3EB27C-13B7-4CBF-BDB5-DB44E7BB2147}.Release|x64.Build.0 = Release|x64
		{DC3EB27C-13B7-4CBF-BDB5-DB44E7BB2147}.RelWithDebInfo|Mixed Platforms.ActiveCfg = RelWithDebInfo|x64
		{DC3EB27C-13B7-4CBF-BDB5-DB44E7BB2147}.RelWithDebInfo|Mixed Platforms.Build.0 = RelWithDebInfo|x64
		{DC3EB27C-13B7-4CBF-BDB5-DB44E7BB2147}.RelWithDebInfo|Win32.ActiveCfg = RelWithDebInfo|x64
		{DC3EB27C-13B7-4CBF-BDB5-DB44E7BB2147}.RelWithDebInfo|x64.ActiveCfg = RelWithDebInfo|x64
		{DC3EB27C-13B7-4CBF-BDB5-DB44E7BB2147}.RelWithDebInfo|x64.Build.0 = RelWithDebInfo|x64
		{7E3D9871-944E-4BD1-84A7-9C09F41CB112}.Debug|Mixed Platforms.ActiveCfg = Debug|x64
		{7E3D9871-944E-4BD1-84A7-9C09F41CB112}.Debug|Mixed Platforms.Build.0 = Debug|x64
		{7E3D9871-944E-4BD1-84A7-9C09F41CB112}.Debug|Win32.ActiveCfg = Debug|x64
		{7E3D9871-944E-4BD1-84A7-9C09F41CB112}.Debug|x64.ActiveCfg = Debug|x64
		{7E3D9871-944E-4BD1-84A7-9C09F41CB112}.Debug|x64.Build.0 = Debug|x64
		{7E3D9871-944E-4BD1-84A7-9C09F41CB112}.MinSizeRel|Mixed Platforms.ActiveCfg = MinSizeRel|x64
		{7E3D9871-944E-4BD1-84A7-9C09F41CB112}.MinSizeRel|Mixed Platforms.Build.0 = MinSizeRel|x64
		{7E3D9871-944E-4BD1-84A7-9C09F41CB112}.MinSizeRel|Win32.ActiveCfg = MinSizeRel|x64
		{7E3D9871-944E-4BD1-84A7-9C09F41CB112}.MinSizeRel|x64.ActiveCfg = MinSizeRel|x64
		{7E3D9871-944E-4BD1-84A7-9C09F41CB112}.MinSizeRel|x64.Build.0 = MinSizeRel|x64
		{7E3D9871-944E-4BD1-84A7-9C09F41CB112}.Release|Mixed Platforms.ActiveCfg = Release|x64
		{7E3D9871-944E-4BD1-84A7-9C09F41CB112}.Release|Mixed Platforms.Build.0 = Release|x64
		{7E3D9871-944E-4BD1-84A7-9C09F41CB112}.Release|Win32.ActiveCfg = Release|x64
		{7E3D9871-944E-4BD1-84A7-9C09F41CB112}.Release|x64.ActiveCfg = Release|x64
		{7E3D9871-944E-4BD1-84A7-9C09F41CB112}.Release|x64.Build.0 = Release|x64
		{7E3D9871-944E-4BD1-84A7-9C09F41CB112}.RelWithDebInfo|Mixed Platforms.ActiveCfg = RelWithDebInfo|x64
		{7E3D9871-944E-4BD1-84A7-9C09F41CB112}.RelWithDebInfo|Mixed Platforms.Build.0 = RelWithDebInfo|x64
		{7E3D9871-944E-4BD1-84A7-9C09F41CB112}.RelWithDebInfo|Win32.ActiveCfg = RelWithDebInfo|x64
		{7E3D9871-944E-4BD1-84A7-9C09F41CB112}.RelWithDebInfo|x64.ActiveCfg = RelWithDebInfo|x64
		{7E3D9871-944E-4BD1-84A7-9C09F41CB112}.RelWithDebInfo|x64.Build.0 = RelWithDebInfo|x64
	EndGlobalSection
	GlobalSection(SolutionProperties) = preSolution
		HideSolutionNode = FALSE
	EndGlobalSection
EndGlobal
